Microsoft Visual Studio Solution File, Format Version 11.00
# Visual Studio 2010
Project("{2150E333-8FDC-42A3-9474-1A3956D46DE8}") = "(gyp)", "..\gyp", "{B832B071-33F2-0FA5-61DB-DFCD0CC3E66A}"
EndProject
Project("{8BC9CEB8-8B4A-11D0-8D11-00A0C91BC942}") = "SampleApp", "gyp\SampleApp.vcxproj", "{87667C24-399C-7BB4-1B2B-11E194D57E67}"
	ProjectSection(ProjectDependencies) = postProject
		{B7760B5E-BFA8-486B-ACFD-49E3A6DE8E76} = {B7760B5E-BFA8-486B-ACFD-49E3A6DE8E76}
		{A37C8E60-186B-2915-2DC0-DDCD03D362DA} = {A37C8E60-186B-2915-2DC0-DDCD03D362DA}
		{A3611DB6-6A7F-3064-F77C-D2741DD63172} = {A3611DB6-6A7F-3064-F77C-D2741DD63172}
		{CD9DEFE6-2751-BD09-7F6C-47A92E8EBF1A} = {CD9DEFE6-2751-BD09-7F6C-47A92E8EBF1A}
		{4B11A5DE-D6DB-4D5E-AE3A-55DF2B7AAD62} = {4B11A5DE-D6DB-4D5E-AE3A-55DF2B7AAD62}
		{05332C0B-C859-DB59-FF72-CADC52112BED} = {05332C0B-C859-DB59-FF72-CADC52112BED}
		{74E3B806-7AB0-D147-26A3-CB883E854A9A} = {74E3B806-7AB0-D147-26A3-CB883E854A9A}
		{1D4AF6CB-709C-7B84-293E-B9ECAAFEAE50} = {1D4AF6CB-709C-7B84-293E-B9ECAAFEAE50}
		{4E70BFF4-C9F4-3300-9A22-6DC3BFA735AF} = {4E70BFF4-C9F4-3300-9A22-6DC3BFA735AF}
		{25F34F3F-3CDA-C3F1-B5F5-294971D42D7C} = {25F34F3F-3CDA-C3F1-B5F5-294971D42D7C}
		{168446D3-F841-0690-B77A-3E4432369071} = {168446D3-F841-0690-B77A-3E4432369071}
		{2400B67A-C487-0AAB-6D36-E90CCFA4291C} = {2400B67A-C487-0AAB-6D36-E90CCFA4291C}
		{C186ACD9-F801-8B6A-E002-7AF0802EB824} = {C186ACD9-F801-8B6A-E002-7AF0802EB824}
		{A892EE85-CAD8-49F1-B648-80192349D67F} = {A892EE85-CAD8-49F1-B648-80192349D67F}
		{1663C886-ECAF-020E-D6CD-1101A7B3888C} = {1663C886-ECAF-020E-D6CD-1101A7B3888C}
		{F2A17784-FC23-C447-D3C2-B7667B92BD31} = {F2A17784-FC23-C447-D3C2-B7667B92BD31}
		{FF9A6C9A-1FED-1E25-FB6E-CD6E1B0C567E} = {FF9A6C9A-1FED-1E25-FB6E-CD6E1B0C567E}
		{72117121-85F4-463B-FB61-5C34507E7394} = {72117121-85F4-463B-FB61-5C34507E7394}
		{B6C25FAD-09AB-23BF-F9CA-CD976AB9E663} = {B6C25FAD-09AB-23BF-F9CA-CD976AB9E663}
	EndProjectSection
EndProject
Project("{8BC9CEB8-8B4A-11D0-8D11-00A0C91BC942}") = "all", "all.vcxproj", "{0139B1B6-0488-7F7F-B0F6-2B41DE0460A2}"
	ProjectSection(ProjectDependencies) = postProject
		{F5B81AD6-E167-00F5-47C9-32CFC05301D0} = {F5B81AD6-E167-00F5-47C9-32CFC05301D0}
		{8988F9BB-A583-9B55-DEEE-BBADEF138CE0} = {8988F9BB-A583-9B55-DEEE-BBADEF138CE0}
		{87667C24-399C-7BB4-1B2B-11E194D57E67} = {87667C24-399C-7BB4-1B2B-11E194D57E67}
		{68F5B0D8-C2F0-B314-A2BA-5664B24F41CE} = {68F5B0D8-C2F0-B314-A2BA-5664B24F41CE}
		{86FD2A13-FC5B-32E9-E9E8-FC4C5699D5D7} = {86FD2A13-FC5B-32E9-E9E8-FC4C5699D5D7}
		{9F093C45-4001-4A48-6EC2-2D174BFCD03D} = {9F093C45-4001-4A48-6EC2-2D174BFCD03D}
	EndProjectSection
EndProject
Project("{8BC9CEB8-8B4A-11D0-8D11-00A0C91BC942}") = "angle", "gyp\angle.vcxproj", "{F2A17784-FC23-C447-D3C2-B7667B92BD31}"
EndProject
Project("{8BC9CEB8-8B4A-11D0-8D11-00A0C91BC942}") = "animator", "gyp\animator.vcxproj", "{74E3B806-7AB0-D147-26A3-CB883E854A9A}"
EndProject
Project("{8BC9CEB8-8B4A-11D0-8D11-00A0C91BC942}") = "bench", "gyp\bench.vcxproj", "{F5B81AD6-E167-00F5-47C9-32CFC05301D0}"
	ProjectSection(ProjectDependencies) = postProject
		{B7760B5E-BFA8-486B-ACFD-49E3A6DE8E76} = {B7760B5E-BFA8-486B-ACFD-49E3A6DE8E76}
		{A37C8E60-186B-2915-2DC0-DDCD03D362DA} = {A37C8E60-186B-2915-2DC0-DDCD03D362DA}
		{A3611DB6-6A7F-3064-F77C-D2741DD63172} = {A3611DB6-6A7F-3064-F77C-D2741DD63172}
		{CD9DEFE6-2751-BD09-7F6C-47A92E8EBF1A} = {CD9DEFE6-2751-BD09-7F6C-47A92E8EBF1A}
		{05332C0B-C859-DB59-FF72-CADC52112BED} = {05332C0B-C859-DB59-FF72-CADC52112BED}
		{787D2B25-867F-2EF2-5D38-F9F77EF5DC87} = {787D2B25-867F-2EF2-5D38-F9F77EF5DC87}
		{2400B67A-C487-0AAB-6D36-E90CCFA4291C} = {2400B67A-C487-0AAB-6D36-E90CCFA4291C}
		{C186ACD9-F801-8B6A-E002-7AF0802EB824} = {C186ACD9-F801-8B6A-E002-7AF0802EB824}
		{A892EE85-CAD8-49F1-B648-80192349D67F} = {A892EE85-CAD8-49F1-B648-80192349D67F}
		{1663C886-ECAF-020E-D6CD-1101A7B3888C} = {1663C886-ECAF-020E-D6CD-1101A7B3888C}
		{F2A17784-FC23-C447-D3C2-B7667B92BD31} = {F2A17784-FC23-C447-D3C2-B7667B92BD31}
		{FF9A6C9A-1FED-1E25-FB6E-CD6E1B0C567E} = {FF9A6C9A-1FED-1E25-FB6E-CD6E1B0C567E}
		{72117121-85F4-463B-FB61-5C34507E7394} = {72117121-85F4-463B-FB61-5C34507E7394}
	EndProjectSection
EndProject
Project("{8BC9CEB8-8B4A-11D0-8D11-00A0C91BC942}") = "bench_pictures", "gyp\bench_pictures.vcxproj", "{6CD9E717-8988-7F6E-15DD-A8192A314E6E}"
	ProjectSection(ProjectDependencies) = postProject
		{B7760B5E-BFA8-486B-ACFD-49E3A6DE8E76} = {B7760B5E-BFA8-486B-ACFD-49E3A6DE8E76}
		{CD9DEFE6-2751-BD09-7F6C-47A92E8EBF1A} = {CD9DEFE6-2751-BD09-7F6C-47A92E8EBF1A}
		{A3611DB6-6A7F-3064-F77C-D2741DD63172} = {A3611DB6-6A7F-3064-F77C-D2741DD63172}
		{7B3CB90B-8CAC-0259-634E-6AB2D5DDD7BF} = {7B3CB90B-8CAC-0259-634E-6AB2D5DDD7BF}
		{6C96E4AF-EFCF-1CB1-5128-2EC451EBAC12} = {6C96E4AF-EFCF-1CB1-5128-2EC451EBAC12}
		{787D2B25-867F-2EF2-5D38-F9F77EF5DC87} = {787D2B25-867F-2EF2-5D38-F9F77EF5DC87}
		{A892EE85-CAD8-49F1-B648-80192349D67F} = {A892EE85-CAD8-49F1-B648-80192349D67F}
		{1663C886-ECAF-020E-D6CD-1101A7B3888C} = {1663C886-ECAF-020E-D6CD-1101A7B3888C}
		{72117121-85F4-463B-FB61-5C34507E7394} = {72117121-85F4-463B-FB61-5C34507E7394}
		{05332C0B-C859-DB59-FF72-CADC52112BED} = {05332C0B-C859-DB59-FF72-CADC52112BED}
		{FF9A6C9A-1FED-1E25-FB6E-CD6E1B0C567E} = {FF9A6C9A-1FED-1E25-FB6E-CD6E1B0C567E}
		{93F82C81-255A-2E66-D6EA-D41CB3C3197C} = {93F82C81-255A-2E66-D6EA-D41CB3C3197C}
		{2400B67A-C487-0AAB-6D36-E90CCFA4291C} = {2400B67A-C487-0AAB-6D36-E90CCFA4291C}
		{F2A17784-FC23-C447-D3C2-B7667B92BD31} = {F2A17784-FC23-C447-D3C2-B7667B92BD31}
	EndProjectSection
EndProject
Project("{8BC9CEB8-8B4A-11D0-8D11-00A0C91BC942}") = "bench_timer", "gyp\bench_timer.vcxproj", "{787D2B25-867F-2EF2-5D38-F9F77EF5DC87}"
EndProject
Project("{8BC9CEB8-8B4A-11D0-8D11-00A0C91BC942}") = "core", "gyp\core.vcxproj", "{B7760B5E-BFA8-486B-ACFD-49E3A6DE8E76}"
EndProject
Project("{8BC9CEB8-8B4A-11D0-8D11-00A0C91BC942}") = "debugger", "gyp\debugger.vcxproj", "{9F093C45-4001-4A48-6EC2-2D174BFCD03D}"
	ProjectSection(ProjectDependencies) = postProject
		{B7760B5E-BFA8-486B-ACFD-49E3A6DE8E76} = {B7760B5E-BFA8-486B-ACFD-49E3A6DE8E76}
		{A3611DB6-6A7F-3064-F77C-D2741DD63172} = {A3611DB6-6A7F-3064-F77C-D2741DD63172}
		{CD9DEFE6-2751-BD09-7F6C-47A92E8EBF1A} = {CD9DEFE6-2751-BD09-7F6C-47A92E8EBF1A}
		{A37C8E60-186B-2915-2DC0-DDCD03D362DA} = {A37C8E60-186B-2915-2DC0-DDCD03D362DA}
		{2400B67A-C487-0AAB-6D36-E90CCFA4291C} = {2400B67A-C487-0AAB-6D36-E90CCFA4291C}
		{C186ACD9-F801-8B6A-E002-7AF0802EB824} = {C186ACD9-F801-8B6A-E002-7AF0802EB824}
		{A892EE85-CAD8-49F1-B648-80192349D67F} = {A892EE85-CAD8-49F1-B648-80192349D67F}
		{1663C886-ECAF-020E-D6CD-1101A7B3888C} = {1663C886-ECAF-020E-D6CD-1101A7B3888C}
		{FF9A6C9A-1FED-1E25-FB6E-CD6E1B0C567E} = {FF9A6C9A-1FED-1E25-FB6E-CD6E1B0C567E}
		{05332C0B-C859-DB59-FF72-CADC52112BED} = {05332C0B-C859-DB59-FF72-CADC52112BED}
		{72117121-85F4-463B-FB61-5C34507E7394} = {72117121-85F4-463B-FB61-5C34507E7394}
		{F2A17784-FC23-C447-D3C2-B7667B92BD31} = {F2A17784-FC23-C447-D3C2-B7667B92BD31}
	EndProjectSection
EndProject
Project("{8BC9CEB8-8B4A-11D0-8D11-00A0C91BC942}") = "effects", "gyp\effects.vcxproj", "{A37C8E60-186B-2915-2DC0-DDCD03D362DA}"
EndProject
Project("{8BC9CEB8-8B4A-11D0-8D11-00A0C91BC942}") = "experimental", "gyp\experimental.vcxproj", "{4E70BFF4-C9F4-3300-9A22-6DC3BFA735AF}"
EndProject
Project("{8BC9CEB8-8B4A-11D0-8D11-00A0C91BC942}") = "gm", "gyp\gm.vcxproj", "{8988F9BB-A583-9B55-DEEE-BBADEF138CE0}"
	ProjectSection(ProjectDependencies) = postProject
		{B7760B5E-BFA8-486B-ACFD-49E3A6DE8E76} = {B7760B5E-BFA8-486B-ACFD-49E3A6DE8E76}
		{A37C8E60-186B-2915-2DC0-DDCD03D362DA} = {A37C8E60-186B-2915-2DC0-DDCD03D362DA}
		{A3611DB6-6A7F-3064-F77C-D2741DD63172} = {A3611DB6-6A7F-3064-F77C-D2741DD63172}
		{25F34F3F-3CDA-C3F1-B5F5-294971D42D7C} = {25F34F3F-3CDA-C3F1-B5F5-294971D42D7C}
		{CD9DEFE6-2751-BD09-7F6C-47A92E8EBF1A} = {CD9DEFE6-2751-BD09-7F6C-47A92E8EBF1A}
		{05332C0B-C859-DB59-FF72-CADC52112BED} = {05332C0B-C859-DB59-FF72-CADC52112BED}
		{93903E77-BFEB-FF13-1799-9EA66FF54A42} = {93903E77-BFEB-FF13-1799-9EA66FF54A42}
		{2400B67A-C487-0AAB-6D36-E90CCFA4291C} = {2400B67A-C487-0AAB-6D36-E90CCFA4291C}
		{C186ACD9-F801-8B6A-E002-7AF0802EB824} = {C186ACD9-F801-8B6A-E002-7AF0802EB824}
		{A892EE85-CAD8-49F1-B648-80192349D67F} = {A892EE85-CAD8-49F1-B648-80192349D67F}
		{1663C886-ECAF-020E-D6CD-1101A7B3888C} = {1663C886-ECAF-020E-D6CD-1101A7B3888C}
		{F2A17784-FC23-C447-D3C2-B7667B92BD31} = {F2A17784-FC23-C447-D3C2-B7667B92BD31}
		{FF9A6C9A-1FED-1E25-FB6E-CD6E1B0C567E} = {FF9A6C9A-1FED-1E25-FB6E-CD6E1B0C567E}
		{72117121-85F4-463B-FB61-5C34507E7394} = {72117121-85F4-463B-FB61-5C34507E7394}
		{B6C25FAD-09AB-23BF-F9CA-CD976AB9E663} = {B6C25FAD-09AB-23BF-F9CA-CD976AB9E663}
	EndProjectSection
EndProject
Project("{8BC9CEB8-8B4A-11D0-8D11-00A0C91BC942}") = "gr", "gyp\gr.vcxproj", "{2400B67A-C487-0AAB-6D36-E90CCFA4291C}"
	ProjectSection(ProjectDependencies) = postProject
		{F2A17784-FC23-C447-D3C2-B7667B92BD31} = {F2A17784-FC23-C447-D3C2-B7667B92BD31}
	EndProjectSection
EndProject
Project("{8BC9CEB8-8B4A-11D0-8D11-00A0C91BC942}") = "images", "gyp\images.vcxproj", "{A3611DB6-6A7F-3064-F77C-D2741DD63172}"
EndProject
Project("{8BC9CEB8-8B4A-11D0-8D11-00A0C91BC942}") = "libjpeg", "gyp\libjpeg.vcxproj", "{FF9A6C9A-1FED-1E25-FB6E-CD6E1B0C567E}"
EndProject
Project("{8BC9CEB8-8B4A-11D0-8D11-00A0C91BC942}") = "opts", "gyp\opts.vcxproj", "{A892EE85-CAD8-49F1-B648-80192349D67F}"
EndProject
Project("{8BC9CEB8-8B4A-11D0-8D11-00A0C91BC942}") = "opts_ssse3", "gyp\opts_ssse3.vcxproj", "{1663C886-ECAF-020E-D6CD-1101A7B3888C}"
EndProject
Project("{8BC9CEB8-8B4A-11D0-8D11-00A0C91BC942}") = "pdf", "gyp\pdf.vcxproj", "{25F34F3F-3CDA-C3F1-B5F5-294971D42D7C}"
EndProject
Project("{8BC9CEB8-8B4A-11D0-8D11-00A0C91BC942}") = "picture_benchmark", "gyp\picture_benchmark.vcxproj", "{6C96E4AF-EFCF-1CB1-5128-2EC451EBAC12}"
EndProject
Project("{8BC9CEB8-8B4A-11D0-8D11-00A0C91BC942}") = "picture_renderer", "gyp\picture_renderer.vcxproj", "{93F82C81-255A-2E66-D6EA-D41CB3C3197C}"
EndProject
Project("{8BC9CEB8-8B4A-11D0-8D11-00A0C91BC942}") = "picture_utils", "gyp\picture_utils.vcxproj", "{7B3CB90B-8CAC-0259-634E-6AB2D5DDD7BF}"
EndProject
Project("{8BC9CEB8-8B4A-11D0-8D11-00A0C91BC942}") = "pinspect", "gyp\pinspect.vcxproj", "{B8DD4FB1-D2A1-BDC5-EF76-43BD3E1CA035}"
	ProjectSection(ProjectDependencies) = postProject
		{B7760B5E-BFA8-486B-ACFD-49E3A6DE8E76} = {B7760B5E-BFA8-486B-ACFD-49E3A6DE8E76}
		{A37C8E60-186B-2915-2DC0-DDCD03D362DA} = {A37C8E60-186B-2915-2DC0-DDCD03D362DA}
		{A3611DB6-6A7F-3064-F77C-D2741DD63172} = {A3611DB6-6A7F-3064-F77C-D2741DD63172}
		{CD9DEFE6-2751-BD09-7F6C-47A92E8EBF1A} = {CD9DEFE6-2751-BD09-7F6C-47A92E8EBF1A}
		{05332C0B-C859-DB59-FF72-CADC52112BED} = {05332C0B-C859-DB59-FF72-CADC52112BED}
		{A892EE85-CAD8-49F1-B648-80192349D67F} = {A892EE85-CAD8-49F1-B648-80192349D67F}
		{1663C886-ECAF-020E-D6CD-1101A7B3888C} = {1663C886-ECAF-020E-D6CD-1101A7B3888C}
		{2400B67A-C487-0AAB-6D36-E90CCFA4291C} = {2400B67A-C487-0AAB-6D36-E90CCFA4291C}
		{F2A17784-FC23-C447-D3C2-B7667B92BD31} = {F2A17784-FC23-C447-D3C2-B7667B92BD31}
		{FF9A6C9A-1FED-1E25-FB6E-CD6E1B0C567E} = {FF9A6C9A-1FED-1E25-FB6E-CD6E1B0C567E}
		{72117121-85F4-463B-FB61-5C34507E7394} = {72117121-85F4-463B-FB61-5C34507E7394}
	EndProjectSection
EndProject
Project("{8BC9CEB8-8B4A-11D0-8D11-00A0C91BC942}") = "ports", "gyp\ports.vcxproj", "{CD9DEFE6-2751-BD09-7F6C-47A92E8EBF1A}"
EndProject
Project("{8BC9CEB8-8B4A-11D0-8D11-00A0C91BC942}") = "render_pictures", "gyp\render_pictures.vcxproj", "{8729E923-488A-3B00-C3EB-EBEFA617549E}"
	ProjectSection(ProjectDependencies) = postProject
		{B7760B5E-BFA8-486B-ACFD-49E3A6DE8E76} = {B7760B5E-BFA8-486B-ACFD-49E3A6DE8E76}
		{A3611DB6-6A7F-3064-F77C-D2741DD63172} = {A3611DB6-6A7F-3064-F77C-D2741DD63172}
		{CD9DEFE6-2751-BD09-7F6C-47A92E8EBF1A} = {CD9DEFE6-2751-BD09-7F6C-47A92E8EBF1A}
		{93F82C81-255A-2E66-D6EA-D41CB3C3197C} = {93F82C81-255A-2E66-D6EA-D41CB3C3197C}
		{7B3CB90B-8CAC-0259-634E-6AB2D5DDD7BF} = {7B3CB90B-8CAC-0259-634E-6AB2D5DDD7BF}
		{A892EE85-CAD8-49F1-B648-80192349D67F} = {A892EE85-CAD8-49F1-B648-80192349D67F}
		{1663C886-ECAF-020E-D6CD-1101A7B3888C} = {1663C886-ECAF-020E-D6CD-1101A7B3888C}
		{FF9A6C9A-1FED-1E25-FB6E-CD6E1B0C567E} = {FF9A6C9A-1FED-1E25-FB6E-CD6E1B0C567E}
		{05332C0B-C859-DB59-FF72-CADC52112BED} = {05332C0B-C859-DB59-FF72-CADC52112BED}
		{72117121-85F4-463B-FB61-5C34507E7394} = {72117121-85F4-463B-FB61-5C34507E7394}
	EndProjectSection
EndProject
Project("{8BC9CEB8-8B4A-11D0-8D11-00A0C91BC942}") = "sfnt", "gyp\sfnt.vcxproj", "{72117121-85F4-463B-FB61-5C34507E7394}"
EndProject
Project("{8BC9CEB8-8B4A-11D0-8D11-00A0C91BC942}") = "skdiff", "gyp\skdiff.vcxproj", "{268A2DDF-539D-AA1C-A18E-E3AD1776736E}"
	ProjectSection(ProjectDependencies) = postProject
		{B7760B5E-BFA8-486B-ACFD-49E3A6DE8E76} = {B7760B5E-BFA8-486B-ACFD-49E3A6DE8E76}
		{A37C8E60-186B-2915-2DC0-DDCD03D362DA} = {A37C8E60-186B-2915-2DC0-DDCD03D362DA}
		{A3611DB6-6A7F-3064-F77C-D2741DD63172} = {A3611DB6-6A7F-3064-F77C-D2741DD63172}
		{CD9DEFE6-2751-BD09-7F6C-47A92E8EBF1A} = {CD9DEFE6-2751-BD09-7F6C-47A92E8EBF1A}
		{05332C0B-C859-DB59-FF72-CADC52112BED} = {05332C0B-C859-DB59-FF72-CADC52112BED}
		{A892EE85-CAD8-49F1-B648-80192349D67F} = {A892EE85-CAD8-49F1-B648-80192349D67F}
		{1663C886-ECAF-020E-D6CD-1101A7B3888C} = {1663C886-ECAF-020E-D6CD-1101A7B3888C}
		{2400B67A-C487-0AAB-6D36-E90CCFA4291C} = {2400B67A-C487-0AAB-6D36-E90CCFA4291C}
		{F2A17784-FC23-C447-D3C2-B7667B92BD31} = {F2A17784-FC23-C447-D3C2-B7667B92BD31}
		{FF9A6C9A-1FED-1E25-FB6E-CD6E1B0C567E} = {FF9A6C9A-1FED-1E25-FB6E-CD6E1B0C567E}
		{72117121-85F4-463B-FB61-5C34507E7394} = {72117121-85F4-463B-FB61-5C34507E7394}
	EndProjectSection
EndProject
Project("{8BC9CEB8-8B4A-11D0-8D11-00A0C91BC942}") = "skgr", "gyp\skgr.vcxproj", "{C186ACD9-F801-8B6A-E002-7AF0802EB824}"
	ProjectSection(ProjectDependencies) = postProject
		{F2A17784-FC23-C447-D3C2-B7667B92BD31} = {F2A17784-FC23-C447-D3C2-B7667B92BD31}
	EndProjectSection
EndProject
Project("{8BC9CEB8-8B4A-11D0-8D11-00A0C91BC942}") = "skhello", "gyp\skhello.vcxproj", "{5D40EA94-24CF-D439-D87E-7F219534ECE7}"
	ProjectSection(ProjectDependencies) = postProject
		{B7760B5E-BFA8-486B-ACFD-49E3A6DE8E76} = {B7760B5E-BFA8-486B-ACFD-49E3A6DE8E76}
		{A37C8E60-186B-2915-2DC0-DDCD03D362DA} = {A37C8E60-186B-2915-2DC0-DDCD03D362DA}
		{A3611DB6-6A7F-3064-F77C-D2741DD63172} = {A3611DB6-6A7F-3064-F77C-D2741DD63172}
		{CD9DEFE6-2751-BD09-7F6C-47A92E8EBF1A} = {CD9DEFE6-2751-BD09-7F6C-47A92E8EBF1A}
		{05332C0B-C859-DB59-FF72-CADC52112BED} = {05332C0B-C859-DB59-FF72-CADC52112BED}
		{A892EE85-CAD8-49F1-B648-80192349D67F} = {A892EE85-CAD8-49F1-B648-80192349D67F}
		{1663C886-ECAF-020E-D6CD-1101A7B3888C} = {1663C886-ECAF-020E-D6CD-1101A7B3888C}
		{2400B67A-C487-0AAB-6D36-E90CCFA4291C} = {2400B67A-C487-0AAB-6D36-E90CCFA4291C}
		{F2A17784-FC23-C447-D3C2-B7667B92BD31} = {F2A17784-FC23-C447-D3C2-B7667B92BD31}
		{FF9A6C9A-1FED-1E25-FB6E-CD6E1B0C567E} = {FF9A6C9A-1FED-1E25-FB6E-CD6E1B0C567E}
		{72117121-85F4-463B-FB61-5C34507E7394} = {72117121-85F4-463B-FB61-5C34507E7394}
	EndProjectSection
EndProject
Project("{8BC9CEB8-8B4A-11D0-8D11-00A0C91BC942}") = "skimage", "gyp\skimage.vcxproj", "{513D8B55-BA1B-AAC2-B667-AF7528B0EC00}"
	ProjectSection(ProjectDependencies) = postProject
		{B7760B5E-BFA8-486B-ACFD-49E3A6DE8E76} = {B7760B5E-BFA8-486B-ACFD-49E3A6DE8E76}
		{A37C8E60-186B-2915-2DC0-DDCD03D362DA} = {A37C8E60-186B-2915-2DC0-DDCD03D362DA}
		{A3611DB6-6A7F-3064-F77C-D2741DD63172} = {A3611DB6-6A7F-3064-F77C-D2741DD63172}
		{CD9DEFE6-2751-BD09-7F6C-47A92E8EBF1A} = {CD9DEFE6-2751-BD09-7F6C-47A92E8EBF1A}
		{05332C0B-C859-DB59-FF72-CADC52112BED} = {05332C0B-C859-DB59-FF72-CADC52112BED}
		{A892EE85-CAD8-49F1-B648-80192349D67F} = {A892EE85-CAD8-49F1-B648-80192349D67F}
		{1663C886-ECAF-020E-D6CD-1101A7B3888C} = {1663C886-ECAF-020E-D6CD-1101A7B3888C}
		{2400B67A-C487-0AAB-6D36-E90CCFA4291C} = {2400B67A-C487-0AAB-6D36-E90CCFA4291C}
		{F2A17784-FC23-C447-D3C2-B7667B92BD31} = {F2A17784-FC23-C447-D3C2-B7667B92BD31}
		{FF9A6C9A-1FED-1E25-FB6E-CD6E1B0C567E} = {FF9A6C9A-1FED-1E25-FB6E-CD6E1B0C567E}
		{72117121-85F4-463B-FB61-5C34507E7394} = {72117121-85F4-463B-FB61-5C34507E7394}
	EndProjectSection
EndProject
Project("{8BC9CEB8-8B4A-11D0-8D11-00A0C91BC942}") = "tests", "gyp\tests.vcxproj", "{68F5B0D8-C2F0-B314-A2BA-5664B24F41CE}"
	ProjectSection(ProjectDependencies) = postProject
		{B7760B5E-BFA8-486B-ACFD-49E3A6DE8E76} = {B7760B5E-BFA8-486B-ACFD-49E3A6DE8E76}
		{A37C8E60-186B-2915-2DC0-DDCD03D362DA} = {A37C8E60-186B-2915-2DC0-DDCD03D362DA}
		{4E70BFF4-C9F4-3300-9A22-6DC3BFA735AF} = {4E70BFF4-C9F4-3300-9A22-6DC3BFA735AF}
		{A3611DB6-6A7F-3064-F77C-D2741DD63172} = {A3611DB6-6A7F-3064-F77C-D2741DD63172}
		{CD9DEFE6-2751-BD09-7F6C-47A92E8EBF1A} = {CD9DEFE6-2751-BD09-7F6C-47A92E8EBF1A}
		{25F34F3F-3CDA-C3F1-B5F5-294971D42D7C} = {25F34F3F-3CDA-C3F1-B5F5-294971D42D7C}
		{7B3CB90B-8CAC-0259-634E-6AB2D5DDD7BF} = {7B3CB90B-8CAC-0259-634E-6AB2D5DDD7BF}
		{05332C0B-C859-DB59-FF72-CADC52112BED} = {05332C0B-C859-DB59-FF72-CADC52112BED}
		{2400B67A-C487-0AAB-6D36-E90CCFA4291C} = {2400B67A-C487-0AAB-6D36-E90CCFA4291C}
		{C186ACD9-F801-8B6A-E002-7AF0802EB824} = {C186ACD9-F801-8B6A-E002-7AF0802EB824}
		{A892EE85-CAD8-49F1-B648-80192349D67F} = {A892EE85-CAD8-49F1-B648-80192349D67F}
		{1663C886-ECAF-020E-D6CD-1101A7B3888C} = {1663C886-ECAF-020E-D6CD-1101A7B3888C}
		{F2A17784-FC23-C447-D3C2-B7667B92BD31} = {F2A17784-FC23-C447-D3C2-B7667B92BD31}
		{FF9A6C9A-1FED-1E25-FB6E-CD6E1B0C567E} = {FF9A6C9A-1FED-1E25-FB6E-CD6E1B0C567E}
		{72117121-85F4-463B-FB61-5C34507E7394} = {72117121-85F4-463B-FB61-5C34507E7394}
		{B6C25FAD-09AB-23BF-F9CA-CD976AB9E663} = {B6C25FAD-09AB-23BF-F9CA-CD976AB9E663}
	EndProjectSection
EndProject
Project("{8BC9CEB8-8B4A-11D0-8D11-00A0C91BC942}") = "tools", "gyp\tools.vcxproj", "{86FD2A13-FC5B-32E9-E9E8-FC4C5699D5D7}"
	ProjectSection(ProjectDependencies) = postProject
		{268A2DDF-539D-AA1C-A18E-E3AD1776736E} = {268A2DDF-539D-AA1C-A18E-E3AD1776736E}
		{5D40EA94-24CF-D439-D87E-7F219534ECE7} = {5D40EA94-24CF-D439-D87E-7F219534ECE7}
		{513D8B55-BA1B-AAC2-B667-AF7528B0EC00} = {513D8B55-BA1B-AAC2-B667-AF7528B0EC00}
		{8729E923-488A-3B00-C3EB-EBEFA617549E} = {8729E923-488A-3B00-C3EB-EBEFA617549E}
		{6CD9E717-8988-7F6E-15DD-A8192A314E6E} = {6CD9E717-8988-7F6E-15DD-A8192A314E6E}
		{B8DD4FB1-D2A1-BDC5-EF76-43BD3E1CA035} = {B8DD4FB1-D2A1-BDC5-EF76-43BD3E1CA035}
	EndProjectSection
EndProject
Project("{8BC9CEB8-8B4A-11D0-8D11-00A0C91BC942}") = "utils", "gyp\utils.vcxproj", "{05332C0B-C859-DB59-FF72-CADC52112BED}"
EndProject
Project("{8BC9CEB8-8B4A-11D0-8D11-00A0C91BC942}") = "views", "gyp\views.vcxproj", "{4B11A5DE-D6DB-4D5E-AE3A-55DF2B7AAD62}"
	ProjectSection(ProjectDependencies) = postProject
		{F2A17784-FC23-C447-D3C2-B7667B92BD31} = {F2A17784-FC23-C447-D3C2-B7667B92BD31}
	EndProjectSection
EndProject
Project("{8BC9CEB8-8B4A-11D0-8D11-00A0C91BC942}") = "views_animated", "gyp\views_animated.vcxproj", "{168446D3-F841-0690-B77A-3E4432369071}"
EndProject
Project("{8BC9CEB8-8B4A-11D0-8D11-00A0C91BC942}") = "xml", "gyp\xml.vcxproj", "{1D4AF6CB-709C-7B84-293E-B9ECAAFEAE50}"
EndProject
Project("{8BC9CEB8-8B4A-11D0-8D11-00A0C91BC942}") = "xps", "gyp\xps.vcxproj", "{93903E77-BFEB-FF13-1799-9EA66FF54A42}"
EndProject
Project("{8BC9CEB8-8B4A-11D0-8D11-00A0C91BC942}") = "zlib", "gyp\zlib.vcxproj", "{B6C25FAD-09AB-23BF-F9CA-CD976AB9E663}"
EndProject
Global
	GlobalSection(SolutionConfigurationPlatforms) = preSolution
		Debug|Win32 = Debug|Win32
		Release|Win32 = Release|Win32
	EndGlobalSection
	GlobalSection(ProjectConfigurationPlatforms) = postSolution
		{0139B1B6-0488-7F7F-B0F6-2B41DE0460A2}.Debug|Win32.ActiveCfg = Debug|Win32
		{0139B1B6-0488-7F7F-B0F6-2B41DE0460A2}.Debug|Win32.Build.0 = Debug|Win32
		{0139B1B6-0488-7F7F-B0F6-2B41DE0460A2}.Release|Win32.ActiveCfg = Release|Win32
		{0139B1B6-0488-7F7F-B0F6-2B41DE0460A2}.Release|Win32.Build.0 = Release|Win32
		{05332C0B-C859-DB59-FF72-CADC52112BED}.Debug|Win32.ActiveCfg = Debug|Win32
		{05332C0B-C859-DB59-FF72-CADC52112BED}.Debug|Win32.Build.0 = Debug|Win32
		{05332C0B-C859-DB59-FF72-CADC52112BED}.Release|Win32.ActiveCfg = Release|Win32
		{05332C0B-C859-DB59-FF72-CADC52112BED}.Release|Win32.Build.0 = Release|Win32
		{1663C886-ECAF-020E-D6CD-1101A7B3888C}.Debug|Win32.ActiveCfg = Debug|Win32
		{1663C886-ECAF-020E-D6CD-1101A7B3888C}.Debug|Win32.Build.0 = Debug|Win32
		{1663C886-ECAF-020E-D6CD-1101A7B3888C}.Release|Win32.ActiveCfg = Release|Win32
		{1663C886-ECAF-020E-D6CD-1101A7B3888C}.Release|Win32.Build.0 = Release|Win32
		{168446D3-F841-0690-B77A-3E4432369071}.Debug|Win32.ActiveCfg = Debug|Win32
		{168446D3-F841-0690-B77A-3E4432369071}.Debug|Win32.Build.0 = Debug|Win32
		{168446D3-F841-0690-B77A-3E4432369071}.Release|Win32.ActiveCfg = Release|Win32
		{168446D3-F841-0690-B77A-3E4432369071}.Release|Win32.Build.0 = Release|Win32
		{1D4AF6CB-709C-7B84-293E-B9ECAAFEAE50}.Debug|Win32.ActiveCfg = Debug|Win32
		{1D4AF6CB-709C-7B84-293E-B9ECAAFEAE50}.Debug|Win32.Build.0 = Debug|Win32
		{1D4AF6CB-709C-7B84-293E-B9ECAAFEAE50}.Release|Win32.ActiveCfg = Release|Win32
		{1D4AF6CB-709C-7B84-293E-B9ECAAFEAE50}.Release|Win32.Build.0 = Release|Win32
		{2400B67A-C487-0AAB-6D36-E90CCFA4291C}.Debug|Win32.ActiveCfg = Debug|Win32
		{2400B67A-C487-0AAB-6D36-E90CCFA4291C}.Debug|Win32.Build.0 = Debug|Win32
		{2400B67A-C487-0AAB-6D36-E90CCFA4291C}.Release|Win32.ActiveCfg = Release|Win32
		{2400B67A-C487-0AAB-6D36-E90CCFA4291C}.Release|Win32.Build.0 = Release|Win32
		{25F34F3F-3CDA-C3F1-B5F5-294971D42D7C}.Debug|Win32.ActiveCfg = Debug|Win32
		{25F34F3F-3CDA-C3F1-B5F5-294971D42D7C}.Debug|Win32.Build.0 = Debug|Win32
		{25F34F3F-3CDA-C3F1-B5F5-294971D42D7C}.Release|Win32.ActiveCfg = Release|Win32
		{25F34F3F-3CDA-C3F1-B5F5-294971D42D7C}.Release|Win32.Build.0 = Release|Win32
		{268A2DDF-539D-AA1C-A18E-E3AD1776736E}.Debug|Win32.ActiveCfg = Debug|Win32
		{268A2DDF-539D-AA1C-A18E-E3AD1776736E}.Debug|Win32.Build.0 = Debug|Win32
		{268A2DDF-539D-AA1C-A18E-E3AD1776736E}.Release|Win32.ActiveCfg = Release|Win32
		{268A2DDF-539D-AA1C-A18E-E3AD1776736E}.Release|Win32.Build.0 = Release|Win32
		{4B11A5DE-D6DB-4D5E-AE3A-55DF2B7AAD62}.Debug|Win32.ActiveCfg = Debug|Win32
		{4B11A5DE-D6DB-4D5E-AE3A-55DF2B7AAD62}.Debug|Win32.Build.0 = Debug|Win32
		{4B11A5DE-D6DB-4D5E-AE3A-55DF2B7AAD62}.Release|Win32.ActiveCfg = Release|Win32
		{4B11A5DE-D6DB-4D5E-AE3A-55DF2B7AAD62}.Release|Win32.Build.0 = Release|Win32
		{4E70BFF4-C9F4-3300-9A22-6DC3BFA735AF}.Debug|Win32.ActiveCfg = Debug|Win32
		{4E70BFF4-C9F4-3300-9A22-6DC3BFA735AF}.Debug|Win32.Build.0 = Debug|Win32
		{4E70BFF4-C9F4-3300-9A22-6DC3BFA735AF}.Release|Win32.ActiveCfg = Release|Win32
		{4E70BFF4-C9F4-3300-9A22-6DC3BFA735AF}.Release|Win32.Build.0 = Release|Win32
		{513D8B55-BA1B-AAC2-B667-AF7528B0EC00}.Debug|Win32.ActiveCfg = Debug|Win32
		{513D8B55-BA1B-AAC2-B667-AF7528B0EC00}.Debug|Win32.Build.0 = Debug|Win32
		{513D8B55-BA1B-AAC2-B667-AF7528B0EC00}.Release|Win32.ActiveCfg = Release|Win32
		{513D8B55-BA1B-AAC2-B667-AF7528B0EC00}.Release|Win32.Build.0 = Release|Win32
		{5D40EA94-24CF-D439-D87E-7F219534ECE7}.Debug|Win32.ActiveCfg = Debug|Win32
		{5D40EA94-24CF-D439-D87E-7F219534ECE7}.Debug|Win32.Build.0 = Debug|Win32
		{5D40EA94-24CF-D439-D87E-7F219534ECE7}.Release|Win32.ActiveCfg = Release|Win32
		{5D40EA94-24CF-D439-D87E-7F219534ECE7}.Release|Win32.Build.0 = Release|Win32
		{68F5B0D8-C2F0-B314-A2BA-5664B24F41CE}.Debug|Win32.ActiveCfg = Debug|Win32
		{68F5B0D8-C2F0-B314-A2BA-5664B24F41CE}.Debug|Win32.Build.0 = Debug|Win32
		{68F5B0D8-C2F0-B314-A2BA-5664B24F41CE}.Release|Win32.ActiveCfg = Release|Win32
		{68F5B0D8-C2F0-B314-A2BA-5664B24F41CE}.Release|Win32.Build.0 = Release|Win32
		{6C96E4AF-EFCF-1CB1-5128-2EC451EBAC12}.Debug|Win32.ActiveCfg = Debug|Win32
		{6C96E4AF-EFCF-1CB1-5128-2EC451EBAC12}.Debug|Win32.Build.0 = Debug|Win32
		{6C96E4AF-EFCF-1CB1-5128-2EC451EBAC12}.Release|Win32.ActiveCfg = Release|Win32
		{6C96E4AF-EFCF-1CB1-5128-2EC451EBAC12}.Release|Win32.Build.0 = Release|Win32
		{6CD9E717-8988-7F6E-15DD-A8192A314E6E}.Debug|Win32.ActiveCfg = Debug|Win32
		{6CD9E717-8988-7F6E-15DD-A8192A314E6E}.Debug|Win32.Build.0 = Debug|Win32
		{6CD9E717-8988-7F6E-15DD-A8192A314E6E}.Release|Win32.ActiveCfg = Release|Win32
		{6CD9E717-8988-7F6E-15DD-A8192A314E6E}.Release|Win32.Build.0 = Release|Win32
		{72117121-85F4-463B-FB61-5C34507E7394}.Debug|Win32.ActiveCfg = Debug|Win32
		{72117121-85F4-463B-FB61-5C34507E7394}.Debug|Win32.Build.0 = Debug|Win32
		{72117121-85F4-463B-FB61-5C34507E7394}.Release|Win32.ActiveCfg = Release|Win32
		{72117121-85F4-463B-FB61-5C34507E7394}.Release|Win32.Build.0 = Release|Win32
		{74E3B806-7AB0-D147-26A3-CB883E854A9A}.Debug|Win32.ActiveCfg = Debug|Win32
		{74E3B806-7AB0-D147-26A3-CB883E854A9A}.Debug|Win32.Build.0 = Debug|Win32
		{74E3B806-7AB0-D147-26A3-CB883E854A9A}.Release|Win32.ActiveCfg = Release|Win32
		{74E3B806-7AB0-D147-26A3-CB883E854A9A}.Release|Win32.Build.0 = Release|Win32
		{787D2B25-867F-2EF2-5D38-F9F77EF5DC87}.Debug|Win32.ActiveCfg = Debug|Win32
		{787D2B25-867F-2EF2-5D38-F9F77EF5DC87}.Debug|Win32.Build.0 = Debug|Win32
		{787D2B25-867F-2EF2-5D38-F9F77EF5DC87}.Release|Win32.ActiveCfg = Release|Win32
		{787D2B25-867F-2EF2-5D38-F9F77EF5DC87}.Release|Win32.Build.0 = Release|Win32
		{7B3CB90B-8CAC-0259-634E-6AB2D5DDD7BF}.Debug|Win32.ActiveCfg = Debug|Win32
		{7B3CB90B-8CAC-0259-634E-6AB2D5DDD7BF}.Debug|Win32.Build.0 = Debug|Win32
		{7B3CB90B-8CAC-0259-634E-6AB2D5DDD7BF}.Release|Win32.ActiveCfg = Release|Win32
		{7B3CB90B-8CAC-0259-634E-6AB2D5DDD7BF}.Release|Win32.Build.0 = Release|Win32
		{86FD2A13-FC5B-32E9-E9E8-FC4C5699D5D7}.Debug|Win32.ActiveCfg = Debug|Win32
		{86FD2A13-FC5B-32E9-E9E8-FC4C5699D5D7}.Debug|Win32.Build.0 = Debug|Win32
		{86FD2A13-FC5B-32E9-E9E8-FC4C5699D5D7}.Release|Win32.ActiveCfg = Release|Win32
		{86FD2A13-FC5B-32E9-E9E8-FC4C5699D5D7}.Release|Win32.Build.0 = Release|Win32
		{8729E923-488A-3B00-C3EB-EBEFA617549E}.Debug|Win32.ActiveCfg = Debug|Win32
		{8729E923-488A-3B00-C3EB-EBEFA617549E}.Debug|Win32.Build.0 = Debug|Win32
		{8729E923-488A-3B00-C3EB-EBEFA617549E}.Release|Win32.ActiveCfg = Release|Win32
		{8729E923-488A-3B00-C3EB-EBEFA617549E}.Release|Win32.Build.0 = Release|Win32
		{87667C24-399C-7BB4-1B2B-11E194D57E67}.Debug|Win32.ActiveCfg = Debug|Win32
		{87667C24-399C-7BB4-1B2B-11E194D57E67}.Debug|Win32.Build.0 = Debug|Win32
		{87667C24-399C-7BB4-1B2B-11E194D57E67}.Release|Win32.ActiveCfg = Release|Win32
		{87667C24-399C-7BB4-1B2B-11E194D57E67}.Release|Win32.Build.0 = Release|Win32
		{8988F9BB-A583-9B55-DEEE-BBADEF138CE0}.Debug|Win32.ActiveCfg = Debug|Win32
		{8988F9BB-A583-9B55-DEEE-BBADEF138CE0}.Debug|Win32.Build.0 = Debug|Win32
		{8988F9BB-A583-9B55-DEEE-BBADEF138CE0}.Release|Win32.ActiveCfg = Release|Win32
		{8988F9BB-A583-9B55-DEEE-BBADEF138CE0}.Release|Win32.Build.0 = Release|Win32
		{93903E77-BFEB-FF13-1799-9EA66FF54A42}.Debug|Win32.ActiveCfg = Debug|Win32
		{93903E77-BFEB-FF13-1799-9EA66FF54A42}.Debug|Win32.Build.0 = Debug|Win32
		{93903E77-BFEB-FF13-1799-9EA66FF54A42}.Release|Win32.ActiveCfg = Release|Win32
		{93903E77-BFEB-FF13-1799-9EA66FF54A42}.Release|Win32.Build.0 = Release|Win32
		{93F82C81-255A-2E66-D6EA-D41CB3C3197C}.Debug|Win32.ActiveCfg = Debug|Win32
		{93F82C81-255A-2E66-D6EA-D41CB3C3197C}.Debug|Win32.Build.0 = Debug|Win32
		{93F82C81-255A-2E66-D6EA-D41CB3C3197C}.Release|Win32.ActiveCfg = Release|Win32
		{93F82C81-255A-2E66-D6EA-D41CB3C3197C}.Release|Win32.Build.0 = Release|Win32
		{9F093C45-4001-4A48-6EC2-2D174BFCD03D}.Debug|Win32.ActiveCfg = Debug|Win32
		{9F093C45-4001-4A48-6EC2-2D174BFCD03D}.Debug|Win32.Build.0 = Debug|Win32
		{9F093C45-4001-4A48-6EC2-2D174BFCD03D}.Release|Win32.ActiveCfg = Release|Win32
		{9F093C45-4001-4A48-6EC2-2D174BFCD03D}.Release|Win32.Build.0 = Release|Win32
		{A3611DB6-6A7F-3064-F77C-D2741DD63172}.Debug|Win32.ActiveCfg = Debug|Win32
		{A3611DB6-6A7F-3064-F77C-D2741DD63172}.Debug|Win32.Build.0 = Debug|Win32
		{A3611DB6-6A7F-3064-F77C-D2741DD63172}.Release|Win32.ActiveCfg = Release|Win32
		{A3611DB6-6A7F-3064-F77C-D2741DD63172}.Release|Win32.Build.0 = Release|Win32
		{A37C8E60-186B-2915-2DC0-DDCD03D362DA}.Debug|Win32.ActiveCfg = Debug|Win32
		{A37C8E60-186B-2915-2DC0-DDCD03D362DA}.Debug|Win32.Build.0 = Debug|Win32
		{A37C8E60-186B-2915-2DC0-DDCD03D362DA}.Release|Win32.ActiveCfg = Release|Win32
		{A37C8E60-186B-2915-2DC0-DDCD03D362DA}.Release|Win32.Build.0 = Release|Win32
		{A892EE85-CAD8-49F1-B648-80192349D67F}.Debug|Win32.ActiveCfg = Debug|Win32
		{A892EE85-CAD8-49F1-B648-80192349D67F}.Debug|Win32.Build.0 = Debug|Win32
		{A892EE85-CAD8-49F1-B648-80192349D67F}.Release|Win32.ActiveCfg = Release|Win32
		{A892EE85-CAD8-49F1-B648-80192349D67F}.Release|Win32.Build.0 = Release|Win32
		{B6C25FAD-09AB-23BF-F9CA-CD976AB9E663}.Debug|Win32.ActiveCfg = Debug|Win32
		{B6C25FAD-09AB-23BF-F9CA-CD976AB9E663}.Debug|Win32.Build.0 = Debug|Win32
		{B6C25FAD-09AB-23BF-F9CA-CD976AB9E663}.Release|Win32.ActiveCfg = Release|Win32
		{B6C25FAD-09AB-23BF-F9CA-CD976AB9E663}.Release|Win32.Build.0 = Release|Win32
		{B7760B5E-BFA8-486B-ACFD-49E3A6DE8E76}.Debug|Win32.ActiveCfg = Debug|Win32
		{B7760B5E-BFA8-486B-ACFD-49E3A6DE8E76}.Debug|Win32.Build.0 = Debug|Win32
		{B7760B5E-BFA8-486B-ACFD-49E3A6DE8E76}.Release|Win32.ActiveCfg = Release|Win32
		{B7760B5E-BFA8-486B-ACFD-49E3A6DE8E76}.Release|Win32.Build.0 = Release|Win32
		{B8DD4FB1-D2A1-BDC5-EF76-43BD3E1CA035}.Debug|Win32.ActiveCfg = Debug|Win32
		{B8DD4FB1-D2A1-BDC5-EF76-43BD3E1CA035}.Debug|Win32.Build.0 = Debug|Win32
		{B8DD4FB1-D2A1-BDC5-EF76-43BD3E1CA035}.Release|Win32.ActiveCfg = Release|Win32
		{B8DD4FB1-D2A1-BDC5-EF76-43BD3E1CA035}.Release|Win32.Build.0 = Release|Win32
		{C186ACD9-F801-8B6A-E002-7AF0802EB824}.Debug|Win32.ActiveCfg = Debug|Win32
		{C186ACD9-F801-8B6A-E002-7AF0802EB824}.Debug|Win32.Build.0 = Debug|Win32
		{C186ACD9-F801-8B6A-E002-7AF0802EB824}.Release|Win32.ActiveCfg = Release|Win32
		{C186ACD9-F801-8B6A-E002-7AF0802EB824}.Release|Win32.Build.0 = Release|Win32
		{CD9DEFE6-2751-BD09-7F6C-47A92E8EBF1A}.Debug|Win32.ActiveCfg = Debug|Win32
		{CD9DEFE6-2751-BD09-7F6C-47A92E8EBF1A}.Debug|Win32.Build.0 = Debug|Win32
		{CD9DEFE6-2751-BD09-7F6C-47A92E8EBF1A}.Release|Win32.ActiveCfg = Release|Win32
		{CD9DEFE6-2751-BD09-7F6C-47A92E8EBF1A}.Release|Win32.Build.0 = Release|Win32
		{F2A17784-FC23-C447-D3C2-B7667B92BD31}.Debug|Win32.ActiveCfg = Debug|Win32
		{F2A17784-FC23-C447-D3C2-B7667B92BD31}.Debug|Win32.Build.0 = Debug|Win32
		{F2A17784-FC23-C447-D3C2-B7667B92BD31}.Release|Win32.ActiveCfg = Release|Win32
		{F2A17784-FC23-C447-D3C2-B7667B92BD31}.Release|Win32.Build.0 = Release|Win32
		{F5B81AD6-E167-00F5-47C9-32CFC05301D0}.Debug|Win32.ActiveCfg = Debug|Win32
		{F5B81AD6-E167-00F5-47C9-32CFC05301D0}.Debug|Win32.Build.0 = Debug|Win32
		{F5B81AD6-E167-00F5-47C9-32CFC05301D0}.Release|Win32.ActiveCfg = Release|Win32
		{F5B81AD6-E167-00F5-47C9-32CFC05301D0}.Release|Win32.Build.0 = Release|Win32
		{FF9A6C9A-1FED-1E25-FB6E-CD6E1B0C567E}.Debug|Win32.ActiveCfg = Debug|Win32
		{FF9A6C9A-1FED-1E25-FB6E-CD6E1B0C567E}.Debug|Win32.Build.0 = Debug|Win32
		{FF9A6C9A-1FED-1E25-FB6E-CD6E1B0C567E}.Release|Win32.ActiveCfg = Release|Win32
		{FF9A6C9A-1FED-1E25-FB6E-CD6E1B0C567E}.Release|Win32.Build.0 = Release|Win32
	EndGlobalSection
	GlobalSection(SolutionProperties) = preSolution
		HideSolutionNode = FALSE
	EndGlobalSection
	GlobalSection(NestedProjects) = preSolution
		{2400B67A-C487-0AAB-6D36-E90CCFA4291C} = {B832B071-33F2-0FA5-61DB-DFCD0CC3E66A}
		{8988F9BB-A583-9B55-DEEE-BBADEF138CE0} = {B832B071-33F2-0FA5-61DB-DFCD0CC3E66A}
		{05332C0B-C859-DB59-FF72-CADC52112BED} = {B832B071-33F2-0FA5-61DB-DFCD0CC3E66A}
		{68F5B0D8-C2F0-B314-A2BA-5664B24F41CE} = {B832B071-33F2-0FA5-61DB-DFCD0CC3E66A}
		{5D40EA94-24CF-D439-D87E-7F219534ECE7} = {B832B071-33F2-0FA5-61DB-DFCD0CC3E66A}
		{1663C886-ECAF-020E-D6CD-1101A7B3888C} = {B832B071-33F2-0FA5-61DB-DFCD0CC3E66A}
		{F5B81AD6-E167-00F5-47C9-32CFC05301D0} = {B832B071-33F2-0FA5-61DB-DFCD0CC3E66A}
		{25F34F3F-3CDA-C3F1-B5F5-294971D42D7C} = {B832B071-33F2-0FA5-61DB-DFCD0CC3E66A}
		{A892EE85-CAD8-49F1-B648-80192349D67F} = {B832B071-33F2-0FA5-61DB-DFCD0CC3E66A}
		{9F093C45-4001-4A48-6EC2-2D174BFCD03D} = {B832B071-33F2-0FA5-61DB-DFCD0CC3E66A}
		{1D4AF6CB-709C-7B84-293E-B9ECAAFEAE50} = {B832B071-33F2-0FA5-61DB-DFCD0CC3E66A}
		{168446D3-F841-0690-B77A-3E4432369071} = {B832B071-33F2-0FA5-61DB-DFCD0CC3E66A}
		{268A2DDF-539D-AA1C-A18E-E3AD1776736E} = {B832B071-33F2-0FA5-61DB-DFCD0CC3E66A}
		{4B11A5DE-D6DB-4D5E-AE3A-55DF2B7AAD62} = {B832B071-33F2-0FA5-61DB-DFCD0CC3E66A}
		{72117121-85F4-463B-FB61-5C34507E7394} = {B832B071-33F2-0FA5-61DB-DFCD0CC3E66A}
		{87667C24-399C-7BB4-1B2B-11E194D57E67} = {B832B071-33F2-0FA5-61DB-DFCD0CC3E66A}
		{787D2B25-867F-2EF2-5D38-F9F77EF5DC87} = {B832B071-33F2-0FA5-61DB-DFCD0CC3E66A}
		{A3611DB6-6A7F-3064-F77C-D2741DD63172} = {B832B071-33F2-0FA5-61DB-DFCD0CC3E66A}
		{C186ACD9-F801-8B6A-E002-7AF0802EB824} = {B832B071-33F2-0FA5-61DB-DFCD0CC3E66A}
		{F2A17784-FC23-C447-D3C2-B7667B92BD31} = {B832B071-33F2-0FA5-61DB-DFCD0CC3E66A}
		{8729E923-488A-3B00-C3EB-EBEFA617549E} = {B832B071-33F2-0FA5-61DB-DFCD0CC3E66A}
		{86FD2A13-FC5B-32E9-E9E8-FC4C5699D5D7} = {B832B071-33F2-0FA5-61DB-DFCD0CC3E66A}
		{A37C8E60-186B-2915-2DC0-DDCD03D362DA} = {B832B071-33F2-0FA5-61DB-DFCD0CC3E66A}
		{513D8B55-BA1B-AAC2-B667-AF7528B0EC00} = {B832B071-33F2-0FA5-61DB-DFCD0CC3E66A}
		{93903E77-BFEB-FF13-1799-9EA66FF54A42} = {B832B071-33F2-0FA5-61DB-DFCD0CC3E66A}
		{B6C25FAD-09AB-23BF-F9CA-CD976AB9E663} = {B832B071-33F2-0FA5-61DB-DFCD0CC3E66A}
		{B8DD4FB1-D2A1-BDC5-EF76-43BD3E1CA035} = {B832B071-33F2-0FA5-61DB-DFCD0CC3E66A}
		{FF9A6C9A-1FED-1E25-FB6E-CD6E1B0C567E} = {B832B071-33F2-0FA5-61DB-DFCD0CC3E66A}
		{CD9DEFE6-2751-BD09-7F6C-47A92E8EBF1A} = {B832B071-33F2-0FA5-61DB-DFCD0CC3E66A}
		{4E70BFF4-C9F4-3300-9A22-6DC3BFA735AF} = {B832B071-33F2-0FA5-61DB-DFCD0CC3E66A}
		{93F82C81-255A-2E66-D6EA-D41CB3C3197C} = {B832B071-33F2-0FA5-61DB-DFCD0CC3E66A}
		{6CD9E717-8988-7F6E-15DD-A8192A314E6E} = {B832B071-33F2-0FA5-61DB-DFCD0CC3E66A}
		{6C96E4AF-EFCF-1CB1-5128-2EC451EBAC12} = {B832B071-33F2-0FA5-61DB-DFCD0CC3E66A}
		{7B3CB90B-8CAC-0259-634E-6AB2D5DDD7BF} = {B832B071-33F2-0FA5-61DB-DFCD0CC3E66A}
		{74E3B806-7AB0-D147-26A3-CB883E854A9A} = {B832B071-33F2-0FA5-61DB-DFCD0CC3E66A}
		{B7760B5E-BFA8-486B-ACFD-49E3A6DE8E76} = {B832B071-33F2-0FA5-61DB-DFCD0CC3E66A}
	EndGlobalSection
EndGlobal
