
Microsoft Visual Studio Solution File, Format Version 11.00
# Visual Studio 2010
Project("{8BC9CEB8-8B4A-11D0-8D11-00A0C91BC942}") = "SkiaTest", "SkiaTest\SkiaTest.vcxproj", "{AFE34CE6-0E81-4908-859D-EC1A1E6A2D5C}"
EndProject
Global
	GlobalSection(SolutionConfigurationPlatforms) = preSolution
		Debug|Win32 = Debug|Win32
		Release|Win32 = Release|Win32
	EndGlobalSection
	GlobalSection(ProjectConfigurationPlatforms) = postSolution
		{AFE34CE6-0E81-4908-859D-EC1A1E6A2D5C}.Debug|Win32.ActiveCfg = Debug|Win32
		{AFE34CE6-0E81-4908-859D-EC1A1E6A2D5C}.Debug|Win32.Build.0 = Debug|Win32
		{AFE34CE6-0E81-4908-859D-EC1A1E6A2D5C}.Release|Win32.ActiveCfg = Release|Win32
		{AFE34CE6-0E81-4908-859D-EC1A1E6A2D5C}.Release|Win32.Build.0 = Release|Win32
	EndGlobalSection
	GlobalSection(SolutionProperties) = preSolution
		HideSolutionNode = FALSE
	EndGlobalSection
EndGlobal
