Microsoft Visual Studio Solution File, Format Version 10.00
# Visual Studio 2008
Project("{8BC9CEB8-8B4A-11D0-8D11-00A0C91BC942}") = "angle", "angle.vcproj", "{9BEF394E-C25D-339A-4CC8-28548CF3020D}"
EndProject
Project("{8BC9CEB8-8B4A-11D0-8D11-00A0C91BC942}") = "bench_pictures", "bench_pictures.vcproj", "{114FB36F-74ED-D73A-0791-C82564983996}"
	ProjectSection(ProjectDependencies) = postProject
		{B7760B5E-BFA8-486B-ACFD-49E3A6DE8E76} = {B7760B5E-BFA8-486B-ACFD-49E3A6DE8E76}
		{5962120A-15BB-F784-A445-D1CC9B4782C3} = {5962120A-15BB-F784-A445-D1CC9B4782C3}
		{B9156B1A-128B-8DA7-4817-D29DBE0C42B1} = {B9156B1A-128B-8DA7-4817-D29DBE0C42B1}
		{B5762E72-B42E-4AC8-256F-D900AA60612A} = {B5762E72-B42E-4AC8-256F-D900AA60612A}
		{4CC96EF0-1B77-FD35-BF23-D3456CA56096} = {4CC96EF0-1B77-FD35-BF23-D3456CA56096}
		{096AE4F9-4FE6-2824-CCE0-68B89F223250} = {096AE4F9-4FE6-2824-CCE0-68B89F223250}
		{35EEB930-E22F-1FCE-1198-2D6FB20E5040} = {35EEB930-E22F-1FCE-1198-2D6FB20E5040}
		{34674BF9-374E-4929-9620-284E9899422A} = {34674BF9-374E-4929-9620-284E9899422A}
		{18F76DC3-19B6-A83B-C1F9-6ACC77B86DA4} = {18F76DC3-19B6-A83B-C1F9-6ACC77B86DA4}
		{77C1D089-1BB0-10E9-46D6-19545A62EB76} = {77C1D089-1BB0-10E9-46D6-19545A62EB76}
		{97B4A7A2-5A28-C47B-9683-9455A6BA4553} = {97B4A7A2-5A28-C47B-9683-9455A6BA4553}
		{C621D152-0739-6942-9B13-74137BC6AD05} = {C621D152-0739-6942-9B13-74137BC6AD05}
		{C6FCC9F4-458D-D409-9236-37957204A822} = {C6FCC9F4-458D-D409-9236-37957204A822}
		{9BEF394E-C25D-339A-4CC8-28548CF3020D} = {9BEF394E-C25D-339A-4CC8-28548CF3020D}
	EndProjectSection
EndProject
Project("{8BC9CEB8-8B4A-11D0-8D11-00A0C91BC942}") = "bench_timer", "bench_timer.vcproj", "{096AE4F9-4FE6-2824-CCE0-68B89F223250}"
EndProject
Project("{8BC9CEB8-8B4A-11D0-8D11-00A0C91BC942}") = "core", "core.vcproj", "{B7760B5E-BFA8-486B-ACFD-49E3A6DE8E76}"
EndProject
Project("{8BC9CEB8-8B4A-11D0-8D11-00A0C91BC942}") = "effects", "effects.vcproj", "{3C671D18-DC88-954B-04A6-C0C25FBF7A4B}"
EndProject
Project("{8BC9CEB8-8B4A-11D0-8D11-00A0C91BC942}") = "gr", "gr.vcproj", "{C6FCC9F4-458D-D409-9236-37957204A822}"
	ProjectSection(ProjectDependencies) = postProject
		{9BEF394E-C25D-339A-4CC8-28548CF3020D} = {9BEF394E-C25D-339A-4CC8-28548CF3020D}
	EndProjectSection
EndProject
Project("{8BC9CEB8-8B4A-11D0-8D11-00A0C91BC942}") = "images", "images.vcproj", "{B9156B1A-128B-8DA7-4817-D29DBE0C42B1}"
EndProject
Project("{8BC9CEB8-8B4A-11D0-8D11-00A0C91BC942}") = "libjpeg", "libjpeg.vcproj", "{97B4A7A2-5A28-C47B-9683-9455A6BA4553}"
EndProject
Project("{8BC9CEB8-8B4A-11D0-8D11-00A0C91BC942}") = "opts", "opts.vcproj", "{35EEB930-E22F-1FCE-1198-2D6FB20E5040}"
EndProject
Project("{8BC9CEB8-8B4A-11D0-8D11-00A0C91BC942}") = "opts_ssse3", "opts_ssse3.vcproj", "{34674BF9-374E-4929-9620-284E9899422A}"
EndProject
Project("{8BC9CEB8-8B4A-11D0-8D11-00A0C91BC942}") = "picture_benchmark", "picture_benchmark.vcproj", "{4CC96EF0-1B77-FD35-BF23-D3456CA56096}"
EndProject
Project("{8BC9CEB8-8B4A-11D0-8D11-00A0C91BC942}") = "picture_renderer", "picture_renderer.vcproj", "{C621D152-0739-6942-9B13-74137BC6AD05}"
EndProject
Project("{8BC9CEB8-8B4A-11D0-8D11-00A0C91BC942}") = "picture_utils", "picture_utils.vcproj", "{B5762E72-B42E-4AC8-256F-D900AA60612A}"
EndProject
Project("{8BC9CEB8-8B4A-11D0-8D11-00A0C91BC942}") = "pinspect", "pinspect.vcproj", "{96D8EBEC-CF2F-9355-5D57-74FD92CC443A}"
	ProjectSection(ProjectDependencies) = postProject
		{B7760B5E-BFA8-486B-ACFD-49E3A6DE8E76} = {B7760B5E-BFA8-486B-ACFD-49E3A6DE8E76}
		{3C671D18-DC88-954B-04A6-C0C25FBF7A4B} = {3C671D18-DC88-954B-04A6-C0C25FBF7A4B}
		{B9156B1A-128B-8DA7-4817-D29DBE0C42B1} = {B9156B1A-128B-8DA7-4817-D29DBE0C42B1}
		{5962120A-15BB-F784-A445-D1CC9B4782C3} = {5962120A-15BB-F784-A445-D1CC9B4782C3}
		{77C1D089-1BB0-10E9-46D6-19545A62EB76} = {77C1D089-1BB0-10E9-46D6-19545A62EB76}
		{35EEB930-E22F-1FCE-1198-2D6FB20E5040} = {35EEB930-E22F-1FCE-1198-2D6FB20E5040}
		{34674BF9-374E-4929-9620-284E9899422A} = {34674BF9-374E-4929-9620-284E9899422A}
		{C6FCC9F4-458D-D409-9236-37957204A822} = {C6FCC9F4-458D-D409-9236-37957204A822}
		{9BEF394E-C25D-339A-4CC8-28548CF3020D} = {9BEF394E-C25D-339A-4CC8-28548CF3020D}
		{97B4A7A2-5A28-C47B-9683-9455A6BA4553} = {97B4A7A2-5A28-C47B-9683-9455A6BA4553}
		{18F76DC3-19B6-A83B-C1F9-6ACC77B86DA4} = {18F76DC3-19B6-A83B-C1F9-6ACC77B86DA4}
	EndProjectSection
EndProject
Project("{8BC9CEB8-8B4A-11D0-8D11-00A0C91BC942}") = "ports", "ports.vcproj", "{5962120A-15BB-F784-A445-D1CC9B4782C3}"
EndProject
Project("{8BC9CEB8-8B4A-11D0-8D11-00A0C91BC942}") = "render_pictures", "render_pictures.vcproj", "{321EB0B8-11CF-A039-75EF-33B708A2ACFC}"
	ProjectSection(ProjectDependencies) = postProject
		{B7760B5E-BFA8-486B-ACFD-49E3A6DE8E76} = {B7760B5E-BFA8-486B-ACFD-49E3A6DE8E76}
		{B9156B1A-128B-8DA7-4817-D29DBE0C42B1} = {B9156B1A-128B-8DA7-4817-D29DBE0C42B1}
		{5962120A-15BB-F784-A445-D1CC9B4782C3} = {5962120A-15BB-F784-A445-D1CC9B4782C3}
		{C621D152-0739-6942-9B13-74137BC6AD05} = {C621D152-0739-6942-9B13-74137BC6AD05}
		{B5762E72-B42E-4AC8-256F-D900AA60612A} = {B5762E72-B42E-4AC8-256F-D900AA60612A}
		{35EEB930-E22F-1FCE-1198-2D6FB20E5040} = {35EEB930-E22F-1FCE-1198-2D6FB20E5040}
		{34674BF9-374E-4929-9620-284E9899422A} = {34674BF9-374E-4929-9620-284E9899422A}
		{97B4A7A2-5A28-C47B-9683-9455A6BA4553} = {97B4A7A2-5A28-C47B-9683-9455A6BA4553}
		{77C1D089-1BB0-10E9-46D6-19545A62EB76} = {77C1D089-1BB0-10E9-46D6-19545A62EB76}
		{18F76DC3-19B6-A83B-C1F9-6ACC77B86DA4} = {18F76DC3-19B6-A83B-C1F9-6ACC77B86DA4}
	EndProjectSection
EndProject
Project("{8BC9CEB8-8B4A-11D0-8D11-00A0C91BC942}") = "sfnt", "sfnt.vcproj", "{18F76DC3-19B6-A83B-C1F9-6ACC77B86DA4}"
EndProject
Project("{8BC9CEB8-8B4A-11D0-8D11-00A0C91BC942}") = "skdiff", "skdiff.vcproj", "{96BDC57B-C363-43C7-42A8-56C733721D96}"
	ProjectSection(ProjectDependencies) = postProject
		{B7760B5E-BFA8-486B-ACFD-49E3A6DE8E76} = {B7760B5E-BFA8-486B-ACFD-49E3A6DE8E76}
		{3C671D18-DC88-954B-04A6-C0C25FBF7A4B} = {3C671D18-DC88-954B-04A6-C0C25FBF7A4B}
		{B9156B1A-128B-8DA7-4817-D29DBE0C42B1} = {B9156B1A-128B-8DA7-4817-D29DBE0C42B1}
		{5962120A-15BB-F784-A445-D1CC9B4782C3} = {5962120A-15BB-F784-A445-D1CC9B4782C3}
		{77C1D089-1BB0-10E9-46D6-19545A62EB76} = {77C1D089-1BB0-10E9-46D6-19545A62EB76}
		{35EEB930-E22F-1FCE-1198-2D6FB20E5040} = {35EEB930-E22F-1FCE-1198-2D6FB20E5040}
		{34674BF9-374E-4929-9620-284E9899422A} = {34674BF9-374E-4929-9620-284E9899422A}
		{C6FCC9F4-458D-D409-9236-37957204A822} = {C6FCC9F4-458D-D409-9236-37957204A822}
		{9BEF394E-C25D-339A-4CC8-28548CF3020D} = {9BEF394E-C25D-339A-4CC8-28548CF3020D}
		{97B4A7A2-5A28-C47B-9683-9455A6BA4553} = {97B4A7A2-5A28-C47B-9683-9455A6BA4553}
		{18F76DC3-19B6-A83B-C1F9-6ACC77B86DA4} = {18F76DC3-19B6-A83B-C1F9-6ACC77B86DA4}
	EndProjectSection
EndProject
Project("{8BC9CEB8-8B4A-11D0-8D11-00A0C91BC942}") = "skhello", "skhello.vcproj", "{C896D983-A43C-2B1F-885E-532903B8D522}"
	ProjectSection(ProjectDependencies) = postProject
		{B7760B5E-BFA8-486B-ACFD-49E3A6DE8E76} = {B7760B5E-BFA8-486B-ACFD-49E3A6DE8E76}
		{3C671D18-DC88-954B-04A6-C0C25FBF7A4B} = {3C671D18-DC88-954B-04A6-C0C25FBF7A4B}
		{B9156B1A-128B-8DA7-4817-D29DBE0C42B1} = {B9156B1A-128B-8DA7-4817-D29DBE0C42B1}
		{5962120A-15BB-F784-A445-D1CC9B4782C3} = {5962120A-15BB-F784-A445-D1CC9B4782C3}
		{77C1D089-1BB0-10E9-46D6-19545A62EB76} = {77C1D089-1BB0-10E9-46D6-19545A62EB76}
		{35EEB930-E22F-1FCE-1198-2D6FB20E5040} = {35EEB930-E22F-1FCE-1198-2D6FB20E5040}
		{34674BF9-374E-4929-9620-284E9899422A} = {34674BF9-374E-4929-9620-284E9899422A}
		{C6FCC9F4-458D-D409-9236-37957204A822} = {C6FCC9F4-458D-D409-9236-37957204A822}
		{9BEF394E-C25D-339A-4CC8-28548CF3020D} = {9BEF394E-C25D-339A-4CC8-28548CF3020D}
		{97B4A7A2-5A28-C47B-9683-9455A6BA4553} = {97B4A7A2-5A28-C47B-9683-9455A6BA4553}
		{18F76DC3-19B6-A83B-C1F9-6ACC77B86DA4} = {18F76DC3-19B6-A83B-C1F9-6ACC77B86DA4}
	EndProjectSection
EndProject
Project("{8BC9CEB8-8B4A-11D0-8D11-00A0C91BC942}") = "skimage", "skimage.vcproj", "{4D85E1A6-1103-FDA5-79D8-9FA2541EFD72}"
	ProjectSection(ProjectDependencies) = postProject
		{B7760B5E-BFA8-486B-ACFD-49E3A6DE8E76} = {B7760B5E-BFA8-486B-ACFD-49E3A6DE8E76}
		{3C671D18-DC88-954B-04A6-C0C25FBF7A4B} = {3C671D18-DC88-954B-04A6-C0C25FBF7A4B}
		{B9156B1A-128B-8DA7-4817-D29DBE0C42B1} = {B9156B1A-128B-8DA7-4817-D29DBE0C42B1}
		{5962120A-15BB-F784-A445-D1CC9B4782C3} = {5962120A-15BB-F784-A445-D1CC9B4782C3}
		{77C1D089-1BB0-10E9-46D6-19545A62EB76} = {77C1D089-1BB0-10E9-46D6-19545A62EB76}
		{35EEB930-E22F-1FCE-1198-2D6FB20E5040} = {35EEB930-E22F-1FCE-1198-2D6FB20E5040}
		{34674BF9-374E-4929-9620-284E9899422A} = {34674BF9-374E-4929-9620-284E9899422A}
		{C6FCC9F4-458D-D409-9236-37957204A822} = {C6FCC9F4-458D-D409-9236-37957204A822}
		{9BEF394E-C25D-339A-4CC8-28548CF3020D} = {9BEF394E-C25D-339A-4CC8-28548CF3020D}
		{97B4A7A2-5A28-C47B-9683-9455A6BA4553} = {97B4A7A2-5A28-C47B-9683-9455A6BA4553}
		{18F76DC3-19B6-A83B-C1F9-6ACC77B86DA4} = {18F76DC3-19B6-A83B-C1F9-6ACC77B86DA4}
	EndProjectSection
EndProject
Project("{8BC9CEB8-8B4A-11D0-8D11-00A0C91BC942}") = "tools", "tools.vcproj", "{F85A8287-C916-3D22-CD85-5701B0B3EEB8}"
	ProjectSection(ProjectDependencies) = postProject
		{96BDC57B-C363-43C7-42A8-56C733721D96} = {96BDC57B-C363-43C7-42A8-56C733721D96}
		{C896D983-A43C-2B1F-885E-532903B8D522} = {C896D983-A43C-2B1F-885E-532903B8D522}
		{4D85E1A6-1103-FDA5-79D8-9FA2541EFD72} = {4D85E1A6-1103-FDA5-79D8-9FA2541EFD72}
		{321EB0B8-11CF-A039-75EF-33B708A2ACFC} = {321EB0B8-11CF-A039-75EF-33B708A2ACFC}
		{114FB36F-74ED-D73A-0791-C82564983996} = {114FB36F-74ED-D73A-0791-C82564983996}
		{96D8EBEC-CF2F-9355-5D57-74FD92CC443A} = {96D8EBEC-CF2F-9355-5D57-74FD92CC443A}
	EndProjectSection
EndProject
Project("{8BC9CEB8-8B4A-11D0-8D11-00A0C91BC942}") = "utils", "utils.vcproj", "{77C1D089-1BB0-10E9-46D6-19545A62EB76}"
EndProject
Global
	GlobalSection(SolutionConfigurationPlatforms) = preSolution
		Debug|Win32 = Debug|Win32
		Release|Win32 = Release|Win32
	EndGlobalSection
	GlobalSection(ProjectConfigurationPlatforms) = postSolution
		{096AE4F9-4FE6-2824-CCE0-68B89F223250}.Debug|Win32.ActiveCfg = Debug|Win32
		{096AE4F9-4FE6-2824-CCE0-68B89F223250}.Debug|Win32.Build.0 = Debug|Win32
		{096AE4F9-4FE6-2824-CCE0-68B89F223250}.Release|Win32.ActiveCfg = Release|Win32
		{096AE4F9-4FE6-2824-CCE0-68B89F223250}.Release|Win32.Build.0 = Release|Win32
		{114FB36F-74ED-D73A-0791-C82564983996}.Debug|Win32.ActiveCfg = Debug|Win32
		{114FB36F-74ED-D73A-0791-C82564983996}.Debug|Win32.Build.0 = Debug|Win32
		{114FB36F-74ED-D73A-0791-C82564983996}.Release|Win32.ActiveCfg = Release|Win32
		{114FB36F-74ED-D73A-0791-C82564983996}.Release|Win32.Build.0 = Release|Win32
		{18F76DC3-19B6-A83B-C1F9-6ACC77B86DA4}.Debug|Win32.ActiveCfg = Debug|Win32
		{18F76DC3-19B6-A83B-C1F9-6ACC77B86DA4}.Debug|Win32.Build.0 = Debug|Win32
		{18F76DC3-19B6-A83B-C1F9-6ACC77B86DA4}.Release|Win32.ActiveCfg = Release|Win32
		{18F76DC3-19B6-A83B-C1F9-6ACC77B86DA4}.Release|Win32.Build.0 = Release|Win32
		{321EB0B8-11CF-A039-75EF-33B708A2ACFC}.Debug|Win32.ActiveCfg = Debug|Win32
		{321EB0B8-11CF-A039-75EF-33B708A2ACFC}.Debug|Win32.Build.0 = Debug|Win32
		{321EB0B8-11CF-A039-75EF-33B708A2ACFC}.Release|Win32.ActiveCfg = Release|Win32
		{321EB0B8-11CF-A039-75EF-33B708A2ACFC}.Release|Win32.Build.0 = Release|Win32
		{34674BF9-374E-4929-9620-284E9899422A}.Debug|Win32.ActiveCfg = Debug|Win32
		{34674BF9-374E-4929-9620-284E9899422A}.Debug|Win32.Build.0 = Debug|Win32
		{34674BF9-374E-4929-9620-284E9899422A}.Release|Win32.ActiveCfg = Release|Win32
		{34674BF9-374E-4929-9620-284E9899422A}.Release|Win32.Build.0 = Release|Win32
		{35EEB930-E22F-1FCE-1198-2D6FB20E5040}.Debug|Win32.ActiveCfg = Debug|Win32
		{35EEB930-E22F-1FCE-1198-2D6FB20E5040}.Debug|Win32.Build.0 = Debug|Win32
		{35EEB930-E22F-1FCE-1198-2D6FB20E5040}.Release|Win32.ActiveCfg = Release|Win32
		{35EEB930-E22F-1FCE-1198-2D6FB20E5040}.Release|Win32.Build.0 = Release|Win32
		{3C671D18-DC88-954B-04A6-C0C25FBF7A4B}.Debug|Win32.ActiveCfg = Debug|Win32
		{3C671D18-DC88-954B-04A6-C0C25FBF7A4B}.Debug|Win32.Build.0 = Debug|Win32
		{3C671D18-DC88-954B-04A6-C0C25FBF7A4B}.Release|Win32.ActiveCfg = Release|Win32
		{3C671D18-DC88-954B-04A6-C0C25FBF7A4B}.Release|Win32.Build.0 = Release|Win32
		{4CC96EF0-1B77-FD35-BF23-D3456CA56096}.Debug|Win32.ActiveCfg = Debug|Win32
		{4CC96EF0-1B77-FD35-BF23-D3456CA56096}.Debug|Win32.Build.0 = Debug|Win32
		{4CC96EF0-1B77-FD35-BF23-D3456CA56096}.Release|Win32.ActiveCfg = Release|Win32
		{4CC96EF0-1B77-FD35-BF23-D3456CA56096}.Release|Win32.Build.0 = Release|Win32
		{4D85E1A6-1103-FDA5-79D8-9FA2541EFD72}.Debug|Win32.ActiveCfg = Debug|Win32
		{4D85E1A6-1103-FDA5-79D8-9FA2541EFD72}.Debug|Win32.Build.0 = Debug|Win32
		{4D85E1A6-1103-FDA5-79D8-9FA2541EFD72}.Release|Win32.ActiveCfg = Release|Win32
		{4D85E1A6-1103-FDA5-79D8-9FA2541EFD72}.Release|Win32.Build.0 = Release|Win32
		{5962120A-15BB-F784-A445-D1CC9B4782C3}.Debug|Win32.ActiveCfg = Debug|Win32
		{5962120A-15BB-F784-A445-D1CC9B4782C3}.Debug|Win32.Build.0 = Debug|Win32
		{5962120A-15BB-F784-A445-D1CC9B4782C3}.Release|Win32.ActiveCfg = Release|Win32
		{5962120A-15BB-F784-A445-D1CC9B4782C3}.Release|Win32.Build.0 = Release|Win32
		{77C1D089-1BB0-10E9-46D6-19545A62EB76}.Debug|Win32.ActiveCfg = Debug|Win32
		{77C1D089-1BB0-10E9-46D6-19545A62EB76}.Debug|Win32.Build.0 = Debug|Win32
		{77C1D089-1BB0-10E9-46D6-19545A62EB76}.Release|Win32.ActiveCfg = Release|Win32
		{77C1D089-1BB0-10E9-46D6-19545A62EB76}.Release|Win32.Build.0 = Release|Win32
		{96BDC57B-C363-43C7-42A8-56C733721D96}.Debug|Win32.ActiveCfg = Debug|Win32
		{96BDC57B-C363-43C7-42A8-56C733721D96}.Debug|Win32.Build.0 = Debug|Win32
		{96BDC57B-C363-43C7-42A8-56C733721D96}.Release|Win32.ActiveCfg = Release|Win32
		{96BDC57B-C363-43C7-42A8-56C733721D96}.Release|Win32.Build.0 = Release|Win32
		{96D8EBEC-CF2F-9355-5D57-74FD92CC443A}.Debug|Win32.ActiveCfg = Debug|Win32
		{96D8EBEC-CF2F-9355-5D57-74FD92CC443A}.Debug|Win32.Build.0 = Debug|Win32
		{96D8EBEC-CF2F-9355-5D57-74FD92CC443A}.Release|Win32.ActiveCfg = Release|Win32
		{96D8EBEC-CF2F-9355-5D57-74FD92CC443A}.Release|Win32.Build.0 = Release|Win32
		{97B4A7A2-5A28-C47B-9683-9455A6BA4553}.Debug|Win32.ActiveCfg = Debug|Win32
		{97B4A7A2-5A28-C47B-9683-9455A6BA4553}.Debug|Win32.Build.0 = Debug|Win32
		{97B4A7A2-5A28-C47B-9683-9455A6BA4553}.Release|Win32.ActiveCfg = Release|Win32
		{97B4A7A2-5A28-C47B-9683-9455A6BA4553}.Release|Win32.Build.0 = Release|Win32
		{9BEF394E-C25D-339A-4CC8-28548CF3020D}.Debug|Win32.ActiveCfg = Debug|Win32
		{9BEF394E-C25D-339A-4CC8-28548CF3020D}.Debug|Win32.Build.0 = Debug|Win32
		{9BEF394E-C25D-339A-4CC8-28548CF3020D}.Release|Win32.ActiveCfg = Release|Win32
		{9BEF394E-C25D-339A-4CC8-28548CF3020D}.Release|Win32.Build.0 = Release|Win32
		{B5762E72-B42E-4AC8-256F-D900AA60612A}.Debug|Win32.ActiveCfg = Debug|Win32
		{B5762E72-B42E-4AC8-256F-D900AA60612A}.Debug|Win32.Build.0 = Debug|Win32
		{B5762E72-B42E-4AC8-256F-D900AA60612A}.Release|Win32.ActiveCfg = Release|Win32
		{B5762E72-B42E-4AC8-256F-D900AA60612A}.Release|Win32.Build.0 = Release|Win32
		{B7760B5E-BFA8-486B-ACFD-49E3A6DE8E76}.Debug|Win32.ActiveCfg = Debug|Win32
		{B7760B5E-BFA8-486B-ACFD-49E3A6DE8E76}.Debug|Win32.Build.0 = Debug|Win32
		{B7760B5E-BFA8-486B-ACFD-49E3A6DE8E76}.Release|Win32.ActiveCfg = Release|Win32
		{B7760B5E-BFA8-486B-ACFD-49E3A6DE8E76}.Release|Win32.Build.0 = Release|Win32
		{B9156B1A-128B-8DA7-4817-D29DBE0C42B1}.Debug|Win32.ActiveCfg = Debug|Win32
		{B9156B1A-128B-8DA7-4817-D29DBE0C42B1}.Debug|Win32.Build.0 = Debug|Win32
		{B9156B1A-128B-8DA7-4817-D29DBE0C42B1}.Release|Win32.ActiveCfg = Release|Win32
		{B9156B1A-128B-8DA7-4817-D29DBE0C42B1}.Release|Win32.Build.0 = Release|Win32
		{C621D152-0739-6942-9B13-74137BC6AD05}.Debug|Win32.ActiveCfg = Debug|Win32
		{C621D152-0739-6942-9B13-74137BC6AD05}.Debug|Win32.Build.0 = Debug|Win32
		{C621D152-0739-6942-9B13-74137BC6AD05}.Release|Win32.ActiveCfg = Release|Win32
		{C621D152-0739-6942-9B13-74137BC6AD05}.Release|Win32.Build.0 = Release|Win32
		{C6FCC9F4-458D-D409-9236-37957204A822}.Debug|Win32.ActiveCfg = Debug|Win32
		{C6FCC9F4-458D-D409-9236-37957204A822}.Debug|Win32.Build.0 = Debug|Win32
		{C6FCC9F4-458D-D409-9236-37957204A822}.Release|Win32.ActiveCfg = Release|Win32
		{C6FCC9F4-458D-D409-9236-37957204A822}.Release|Win32.Build.0 = Release|Win32
		{C896D983-A43C-2B1F-885E-532903B8D522}.Debug|Win32.ActiveCfg = Debug|Win32
		{C896D983-A43C-2B1F-885E-532903B8D522}.Debug|Win32.Build.0 = Debug|Win32
		{C896D983-A43C-2B1F-885E-532903B8D522}.Release|Win32.ActiveCfg = Release|Win32
		{C896D983-A43C-2B1F-885E-532903B8D522}.Release|Win32.Build.0 = Release|Win32
		{F85A8287-C916-3D22-CD85-5701B0B3EEB8}.Debug|Win32.ActiveCfg = Debug|Win32
		{F85A8287-C916-3D22-CD85-5701B0B3EEB8}.Debug|Win32.Build.0 = Debug|Win32
		{F85A8287-C916-3D22-CD85-5701B0B3EEB8}.Release|Win32.ActiveCfg = Release|Win32
		{F85A8287-C916-3D22-CD85-5701B0B3EEB8}.Release|Win32.Build.0 = Release|Win32
	EndGlobalSection
	GlobalSection(SolutionProperties) = preSolution
		HideSolutionNode = FALSE
	EndGlobalSection
	GlobalSection(NestedProjects) = preSolution
	EndGlobalSection
EndGlobal
