Microsoft Visual Studio Solution File, Format Version 10.00
# Visual Studio 2008
Project("{8BC9CEB8-8B4A-11D0-8D11-00A0C91BC942}") = "angle", "angle.vcproj", "{9BEF394E-C25D-339A-4CC8-28548CF3020D}"
EndProject
Project("{8BC9CEB8-8B4A-11D0-8D11-00A0C91BC942}") = "views", "views.vcproj", "{24090ADF-6F58-67AD-166D-4AF5F294F51C}"
	ProjectSection(ProjectDependencies) = postProject
		{9BEF394E-C25D-339A-4CC8-28548CF3020D} = {9BEF394E-C25D-339A-4CC8-28548CF3020D}
	EndProjectSection
EndProject
Global
	GlobalSection(SolutionConfigurationPlatforms) = preSolution
		Debug|Win32 = Debug|Win32
		Release|Win32 = Release|Win32
	EndGlobalSection
	GlobalSection(ProjectConfigurationPlatforms) = postSolution
		{24090ADF-6F58-67AD-166D-4AF5F294F51C}.Debug|Win32.ActiveCfg = Debug|Win32
		{24090ADF-6F58-67AD-166D-4AF5F294F51C}.Debug|Win32.Build.0 = Debug|Win32
		{24090ADF-6F58-67AD-166D-4AF5F294F51C}.Release|Win32.ActiveCfg = Release|Win32
		{24090ADF-6F58-67AD-166D-4AF5F294F51C}.Release|Win32.Build.0 = Release|Win32
		{9BEF394E-C25D-339A-4CC8-28548CF3020D}.Debug|Win32.ActiveCfg = Debug|Win32
		{9BEF394E-C25D-339A-4CC8-28548CF3020D}.Debug|Win32.Build.0 = Debug|Win32
		{9BEF394E-C25D-339A-4CC8-28548CF3020D}.Release|Win32.ActiveCfg = Release|Win32
		{9BEF394E-C25D-339A-4CC8-28548CF3020D}.Release|Win32.Build.0 = Release|Win32
	EndGlobalSection
	GlobalSection(SolutionProperties) = preSolution
		HideSolutionNode = FALSE
	EndGlobalSection
	GlobalSection(NestedProjects) = preSolution
	EndGlobalSection
EndGlobal
