Microsoft Visual Studio Solution File, Format Version 10.00
# Visual Studio 2008
Project("{8BC9CEB8-8B4A-11D0-8D11-00A0C91BC942}") = "animator", "animator.vcproj", "{E9E096CF-5CB7-E032-A1CE-586020B28337}"
EndProject
Global
	GlobalSection(SolutionConfigurationPlatforms) = preSolution
		Debug|Win32 = Debug|Win32
		Release|Win32 = Release|Win32
	EndGlobalSection
	GlobalSection(ProjectConfigurationPlatforms) = postSolution
		{E9E096CF-5CB7-E032-A1CE-586020B28337}.Debug|Win32.ActiveCfg = Debug|Win32
		{E9E096CF-5CB7-E032-A1CE-586020B28337}.Debug|Win32.Build.0 = Debug|Win32
		{E9E096CF-5CB7-E032-A1CE-586020B28337}.Release|Win32.ActiveCfg = Release|Win32
		{E9E096CF-5CB7-E032-A1CE-586020B28337}.Release|Win32.Build.0 = Release|Win32
	EndGlobalSection
	GlobalSection(SolutionProperties) = preSolution
		HideSolutionNode = FALSE
	EndGlobalSection
	GlobalSection(NestedProjects) = preSolution
	EndGlobalSection
EndGlobal
