Microsoft Visual Studio Solution File, Format Version 10.00
# Visual Studio 2008
Project("{8BC9CEB8-8B4A-11D0-8D11-00A0C91BC942}") = "angle", "angle.vcproj", "{9BEF394E-C25D-339A-4CC8-28548CF3020D}"
EndProject
Project("{8BC9CEB8-8B4A-11D0-8D11-00A0C91BC942}") = "gr", "gr.vcproj", "{C6FCC9F4-458D-D409-9236-37957204A822}"
	ProjectSection(ProjectDependencies) = postProject
		{9BEF394E-C25D-339A-4CC8-28548CF3020D} = {9BEF394E-C25D-339A-4CC8-28548CF3020D}
	EndProjectSection
EndProject
Project("{8BC9CEB8-8B4A-11D0-8D11-00A0C91BC942}") = "skgr", "skgr.vcproj", "{D38CE89E-0E01-B771-E14A-AFEE336B9738}"
	ProjectSection(ProjectDependencies) = postProject
		{9BEF394E-C25D-339A-4CC8-28548CF3020D} = {9BEF394E-C25D-339A-4CC8-28548CF3020D}
	EndProjectSection
EndProject
Global
	GlobalSection(SolutionConfigurationPlatforms) = preSolution
		Debug|Win32 = Debug|Win32
		Release|Win32 = Release|Win32
	EndGlobalSection
	GlobalSection(ProjectConfigurationPlatforms) = postSolution
		{9BEF394E-C25D-339A-4CC8-28548CF3020D}.Debug|Win32.ActiveCfg = Debug|Win32
		{9BEF394E-C25D-339A-4CC8-28548CF3020D}.Debug|Win32.Build.0 = Debug|Win32
		{9BEF394E-C25D-339A-4CC8-28548CF3020D}.Release|Win32.ActiveCfg = Release|Win32
		{9BEF394E-C25D-339A-4CC8-28548CF3020D}.Release|Win32.Build.0 = Release|Win32
		{C6FCC9F4-458D-D409-9236-37957204A822}.Debug|Win32.ActiveCfg = Debug|Win32
		{C6FCC9F4-458D-D409-9236-37957204A822}.Debug|Win32.Build.0 = Debug|Win32
		{C6FCC9F4-458D-D409-9236-37957204A822}.Release|Win32.ActiveCfg = Release|Win32
		{C6FCC9F4-458D-D409-9236-37957204A822}.Release|Win32.Build.0 = Release|Win32
		{D38CE89E-0E01-B771-E14A-AFEE336B9738}.Debug|Win32.ActiveCfg = Debug|Win32
		{D38CE89E-0E01-B771-E14A-AFEE336B9738}.Debug|Win32.Build.0 = Debug|Win32
		{D38CE89E-0E01-B771-E14A-AFEE336B9738}.Release|Win32.ActiveCfg = Release|Win32
		{D38CE89E-0E01-B771-E14A-AFEE336B9738}.Release|Win32.Build.0 = Release|Win32
	EndGlobalSection
	GlobalSection(SolutionProperties) = preSolution
		HideSolutionNode = FALSE
	EndGlobalSection
	GlobalSection(NestedProjects) = preSolution
	EndGlobalSection
EndGlobal
