Microsoft Visual Studio Solution File, Format Version 10.00
# Visual Studio 2008
Project("{8BC9CEB8-8B4A-11D0-8D11-00A0C91BC942}") = "SampleApp", "SampleApp.vcproj", "{8F7B0DE0-A6BD-2813-CD09-1D2ED594552E}"
	ProjectSection(ProjectDependencies) = postProject
		{B7760B5E-BFA8-486B-ACFD-49E3A6DE8E76} = {B7760B5E-BFA8-486B-ACFD-49E3A6DE8E76}
		{3C671D18-DC88-954B-04A6-C0C25FBF7A4B} = {3C671D18-DC88-954B-04A6-C0C25FBF7A4B}
		{B9156B1A-128B-8DA7-4817-D29DBE0C42B1} = {B9156B1A-128B-8DA7-4817-D29DBE0C42B1}
		{5962120A-15BB-F784-A445-D1CC9B4782C3} = {5962120A-15BB-F784-A445-D1CC9B4782C3}
		{24090ADF-6F58-67AD-166D-4AF5F294F51C} = {24090ADF-6F58-67AD-166D-4AF5F294F51C}
		{77C1D089-1BB0-10E9-46D6-19545A62EB76} = {77C1D089-1BB0-10E9-46D6-19545A62EB76}
		{E9E096CF-5CB7-E032-A1CE-586020B28337} = {E9E096CF-5CB7-E032-A1CE-586020B28337}
		{6C7F3536-B3E2-8162-F81B-D9DF884F0E32} = {6C7F3536-B3E2-8162-F81B-D9DF884F0E32}
		{D69B42BC-AB03-9B7E-1BF3-266F56A0C97B} = {D69B42BC-AB03-9B7E-1BF3-266F56A0C97B}
		{2281E39A-EB25-823A-E947-02B01441A54C} = {2281E39A-EB25-823A-E947-02B01441A54C}
		{D6B2C601-F188-AC6A-5C70-62F194DE05F2} = {D6B2C601-F188-AC6A-5C70-62F194DE05F2}
		{C6FCC9F4-458D-D409-9236-37957204A822} = {C6FCC9F4-458D-D409-9236-37957204A822}
		{D38CE89E-0E01-B771-E14A-AFEE336B9738} = {D38CE89E-0E01-B771-E14A-AFEE336B9738}
		{35EEB930-E22F-1FCE-1198-2D6FB20E5040} = {35EEB930-E22F-1FCE-1198-2D6FB20E5040}
		{34674BF9-374E-4929-9620-284E9899422A} = {34674BF9-374E-4929-9620-284E9899422A}
		{9BEF394E-C25D-339A-4CC8-28548CF3020D} = {9BEF394E-C25D-339A-4CC8-28548CF3020D}
		{97B4A7A2-5A28-C47B-9683-9455A6BA4553} = {97B4A7A2-5A28-C47B-9683-9455A6BA4553}
		{18F76DC3-19B6-A83B-C1F9-6ACC77B86DA4} = {18F76DC3-19B6-A83B-C1F9-6ACC77B86DA4}
		{0AEF71B9-D804-092B-25E1-F74310DEEBEB} = {0AEF71B9-D804-092B-25E1-F74310DEEBEB}
	EndProjectSection
EndProject
Project("{8BC9CEB8-8B4A-11D0-8D11-00A0C91BC942}") = "angle", "angle.vcproj", "{9BEF394E-C25D-339A-4CC8-28548CF3020D}"
EndProject
Project("{8BC9CEB8-8B4A-11D0-8D11-00A0C91BC942}") = "animator", "animator.vcproj", "{E9E096CF-5CB7-E032-A1CE-586020B28337}"
EndProject
Project("{8BC9CEB8-8B4A-11D0-8D11-00A0C91BC942}") = "core", "core.vcproj", "{B7760B5E-BFA8-486B-ACFD-49E3A6DE8E76}"
EndProject
Project("{8BC9CEB8-8B4A-11D0-8D11-00A0C91BC942}") = "effects", "effects.vcproj", "{3C671D18-DC88-954B-04A6-C0C25FBF7A4B}"
EndProject
Project("{8BC9CEB8-8B4A-11D0-8D11-00A0C91BC942}") = "experimental", "experimental.vcproj", "{D69B42BC-AB03-9B7E-1BF3-266F56A0C97B}"
EndProject
Project("{8BC9CEB8-8B4A-11D0-8D11-00A0C91BC942}") = "gr", "gr.vcproj", "{C6FCC9F4-458D-D409-9236-37957204A822}"
	ProjectSection(ProjectDependencies) = postProject
		{9BEF394E-C25D-339A-4CC8-28548CF3020D} = {9BEF394E-C25D-339A-4CC8-28548CF3020D}
	EndProjectSection
EndProject
Project("{8BC9CEB8-8B4A-11D0-8D11-00A0C91BC942}") = "images", "images.vcproj", "{B9156B1A-128B-8DA7-4817-D29DBE0C42B1}"
EndProject
Project("{8BC9CEB8-8B4A-11D0-8D11-00A0C91BC942}") = "libjpeg", "libjpeg.vcproj", "{97B4A7A2-5A28-C47B-9683-9455A6BA4553}"
EndProject
Project("{8BC9CEB8-8B4A-11D0-8D11-00A0C91BC942}") = "opts", "opts.vcproj", "{35EEB930-E22F-1FCE-1198-2D6FB20E5040}"
EndProject
Project("{8BC9CEB8-8B4A-11D0-8D11-00A0C91BC942}") = "opts_ssse3", "opts_ssse3.vcproj", "{34674BF9-374E-4929-9620-284E9899422A}"
EndProject
Project("{8BC9CEB8-8B4A-11D0-8D11-00A0C91BC942}") = "pdf", "pdf.vcproj", "{2281E39A-EB25-823A-E947-02B01441A54C}"
EndProject
Project("{8BC9CEB8-8B4A-11D0-8D11-00A0C91BC942}") = "ports", "ports.vcproj", "{5962120A-15BB-F784-A445-D1CC9B4782C3}"
EndProject
Project("{8BC9CEB8-8B4A-11D0-8D11-00A0C91BC942}") = "sfnt", "sfnt.vcproj", "{18F76DC3-19B6-A83B-C1F9-6ACC77B86DA4}"
EndProject
Project("{8BC9CEB8-8B4A-11D0-8D11-00A0C91BC942}") = "skgr", "skgr.vcproj", "{D38CE89E-0E01-B771-E14A-AFEE336B9738}"
	ProjectSection(ProjectDependencies) = postProject
		{9BEF394E-C25D-339A-4CC8-28548CF3020D} = {9BEF394E-C25D-339A-4CC8-28548CF3020D}
	EndProjectSection
EndProject
Project("{8BC9CEB8-8B4A-11D0-8D11-00A0C91BC942}") = "utils", "utils.vcproj", "{77C1D089-1BB0-10E9-46D6-19545A62EB76}"
EndProject
Project("{8BC9CEB8-8B4A-11D0-8D11-00A0C91BC942}") = "views", "views.vcproj", "{24090ADF-6F58-67AD-166D-4AF5F294F51C}"
	ProjectSection(ProjectDependencies) = postProject
		{9BEF394E-C25D-339A-4CC8-28548CF3020D} = {9BEF394E-C25D-339A-4CC8-28548CF3020D}
	EndProjectSection
EndProject
Project("{8BC9CEB8-8B4A-11D0-8D11-00A0C91BC942}") = "views_animated", "views_animated.vcproj", "{D6B2C601-F188-AC6A-5C70-62F194DE05F2}"
EndProject
Project("{8BC9CEB8-8B4A-11D0-8D11-00A0C91BC942}") = "xml", "xml.vcproj", "{6C7F3536-B3E2-8162-F81B-D9DF884F0E32}"
EndProject
Project("{8BC9CEB8-8B4A-11D0-8D11-00A0C91BC942}") = "zlib", "zlib.vcproj", "{0AEF71B9-D804-092B-25E1-F74310DEEBEB}"
EndProject
Global
	GlobalSection(SolutionConfigurationPlatforms) = preSolution
		Debug|Win32 = Debug|Win32
		Release|Win32 = Release|Win32
	EndGlobalSection
	GlobalSection(ProjectConfigurationPlatforms) = postSolution
		{0AEF71B9-D804-092B-25E1-F74310DEEBEB}.Debug|Win32.ActiveCfg = Debug|Win32
		{0AEF71B9-D804-092B-25E1-F74310DEEBEB}.Debug|Win32.Build.0 = Debug|Win32
		{0AEF71B9-D804-092B-25E1-F74310DEEBEB}.Release|Win32.ActiveCfg = Release|Win32
		{0AEF71B9-D804-092B-25E1-F74310DEEBEB}.Release|Win32.Build.0 = Release|Win32
		{18F76DC3-19B6-A83B-C1F9-6ACC77B86DA4}.Debug|Win32.ActiveCfg = Debug|Win32
		{18F76DC3-19B6-A83B-C1F9-6ACC77B86DA4}.Debug|Win32.Build.0 = Debug|Win32
		{18F76DC3-19B6-A83B-C1F9-6ACC77B86DA4}.Release|Win32.ActiveCfg = Release|Win32
		{18F76DC3-19B6-A83B-C1F9-6ACC77B86DA4}.Release|Win32.Build.0 = Release|Win32
		{2281E39A-EB25-823A-E947-02B01441A54C}.Debug|Win32.ActiveCfg = Debug|Win32
		{2281E39A-EB25-823A-E947-02B01441A54C}.Debug|Win32.Build.0 = Debug|Win32
		{2281E39A-EB25-823A-E947-02B01441A54C}.Release|Win32.ActiveCfg = Release|Win32
		{2281E39A-EB25-823A-E947-02B01441A54C}.Release|Win32.Build.0 = Release|Win32
		{24090ADF-6F58-67AD-166D-4AF5F294F51C}.Debug|Win32.ActiveCfg = Debug|Win32
		{24090ADF-6F58-67AD-166D-4AF5F294F51C}.Debug|Win32.Build.0 = Debug|Win32
		{24090ADF-6F58-67AD-166D-4AF5F294F51C}.Release|Win32.ActiveCfg = Release|Win32
		{24090ADF-6F58-67AD-166D-4AF5F294F51C}.Release|Win32.Build.0 = Release|Win32
		{34674BF9-374E-4929-9620-284E9899422A}.Debug|Win32.ActiveCfg = Debug|Win32
		{34674BF9-374E-4929-9620-284E9899422A}.Debug|Win32.Build.0 = Debug|Win32
		{34674BF9-374E-4929-9620-284E9899422A}.Release|Win32.ActiveCfg = Release|Win32
		{34674BF9-374E-4929-9620-284E9899422A}.Release|Win32.Build.0 = Release|Win32
		{35EEB930-E22F-1FCE-1198-2D6FB20E5040}.Debug|Win32.ActiveCfg = Debug|Win32
		{35EEB930-E22F-1FCE-1198-2D6FB20E5040}.Debug|Win32.Build.0 = Debug|Win32
		{35EEB930-E22F-1FCE-1198-2D6FB20E5040}.Release|Win32.ActiveCfg = Release|Win32
		{35EEB930-E22F-1FCE-1198-2D6FB20E5040}.Release|Win32.Build.0 = Release|Win32
		{3C671D18-DC88-954B-04A6-C0C25FBF7A4B}.Debug|Win32.ActiveCfg = Debug|Win32
		{3C671D18-DC88-954B-04A6-C0C25FBF7A4B}.Debug|Win32.Build.0 = Debug|Win32
		{3C671D18-DC88-954B-04A6-C0C25FBF7A4B}.Release|Win32.ActiveCfg = Release|Win32
		{3C671D18-DC88-954B-04A6-C0C25FBF7A4B}.Release|Win32.Build.0 = Release|Win32
		{5962120A-15BB-F784-A445-D1CC9B4782C3}.Debug|Win32.ActiveCfg = Debug|Win32
		{5962120A-15BB-F784-A445-D1CC9B4782C3}.Debug|Win32.Build.0 = Debug|Win32
		{5962120A-15BB-F784-A445-D1CC9B4782C3}.Release|Win32.ActiveCfg = Release|Win32
		{5962120A-15BB-F784-A445-D1CC9B4782C3}.Release|Win32.Build.0 = Release|Win32
		{6C7F3536-B3E2-8162-F81B-D9DF884F0E32}.Debug|Win32.ActiveCfg = Debug|Win32
		{6C7F3536-B3E2-8162-F81B-D9DF884F0E32}.Debug|Win32.Build.0 = Debug|Win32
		{6C7F3536-B3E2-8162-F81B-D9DF884F0E32}.Release|Win32.ActiveCfg = Release|Win32
		{6C7F3536-B3E2-8162-F81B-D9DF884F0E32}.Release|Win32.Build.0 = Release|Win32
		{77C1D089-1BB0-10E9-46D6-19545A62EB76}.Debug|Win32.ActiveCfg = Debug|Win32
		{77C1D089-1BB0-10E9-46D6-19545A62EB76}.Debug|Win32.Build.0 = Debug|Win32
		{77C1D089-1BB0-10E9-46D6-19545A62EB76}.Release|Win32.ActiveCfg = Release|Win32
		{77C1D089-1BB0-10E9-46D6-19545A62EB76}.Release|Win32.Build.0 = Release|Win32
		{8F7B0DE0-A6BD-2813-CD09-1D2ED594552E}.Debug|Win32.ActiveCfg = Debug|Win32
		{8F7B0DE0-A6BD-2813-CD09-1D2ED594552E}.Debug|Win32.Build.0 = Debug|Win32
		{8F7B0DE0-A6BD-2813-CD09-1D2ED594552E}.Release|Win32.ActiveCfg = Release|Win32
		{8F7B0DE0-A6BD-2813-CD09-1D2ED594552E}.Release|Win32.Build.0 = Release|Win32
		{97B4A7A2-5A28-C47B-9683-9455A6BA4553}.Debug|Win32.ActiveCfg = Debug|Win32
		{97B4A7A2-5A28-C47B-9683-9455A6BA4553}.Debug|Win32.Build.0 = Debug|Win32
		{97B4A7A2-5A28-C47B-9683-9455A6BA4553}.Release|Win32.ActiveCfg = Release|Win32
		{97B4A7A2-5A28-C47B-9683-9455A6BA4553}.Release|Win32.Build.0 = Release|Win32
		{9BEF394E-C25D-339A-4CC8-28548CF3020D}.Debug|Win32.ActiveCfg = Debug|Win32
		{9BEF394E-C25D-339A-4CC8-28548CF3020D}.Debug|Win32.Build.0 = Debug|Win32
		{9BEF394E-C25D-339A-4CC8-28548CF3020D}.Release|Win32.ActiveCfg = Release|Win32
		{9BEF394E-C25D-339A-4CC8-28548CF3020D}.Release|Win32.Build.0 = Release|Win32
		{B7760B5E-BFA8-486B-ACFD-49E3A6DE8E76}.Debug|Win32.ActiveCfg = Debug|Win32
		{B7760B5E-BFA8-486B-ACFD-49E3A6DE8E76}.Debug|Win32.Build.0 = Debug|Win32
		{B7760B5E-BFA8-486B-ACFD-49E3A6DE8E76}.Release|Win32.ActiveCfg = Release|Win32
		{B7760B5E-BFA8-486B-ACFD-49E3A6DE8E76}.Release|Win32.Build.0 = Release|Win32
		{B9156B1A-128B-8DA7-4817-D29DBE0C42B1}.Debug|Win32.ActiveCfg = Debug|Win32
		{B9156B1A-128B-8DA7-4817-D29DBE0C42B1}.Debug|Win32.Build.0 = Debug|Win32
		{B9156B1A-128B-8DA7-4817-D29DBE0C42B1}.Release|Win32.ActiveCfg = Release|Win32
		{B9156B1A-128B-8DA7-4817-D29DBE0C42B1}.Release|Win32.Build.0 = Release|Win32
		{C6FCC9F4-458D-D409-9236-37957204A822}.Debug|Win32.ActiveCfg = Debug|Win32
		{C6FCC9F4-458D-D409-9236-37957204A822}.Debug|Win32.Build.0 = Debug|Win32
		{C6FCC9F4-458D-D409-9236-37957204A822}.Release|Win32.ActiveCfg = Release|Win32
		{C6FCC9F4-458D-D409-9236-37957204A822}.Release|Win32.Build.0 = Release|Win32
		{D38CE89E-0E01-B771-E14A-AFEE336B9738}.Debug|Win32.ActiveCfg = Debug|Win32
		{D38CE89E-0E01-B771-E14A-AFEE336B9738}.Debug|Win32.Build.0 = Debug|Win32
		{D38CE89E-0E01-B771-E14A-AFEE336B9738}.Release|Win32.ActiveCfg = Release|Win32
		{D38CE89E-0E01-B771-E14A-AFEE336B9738}.Release|Win32.Build.0 = Release|Win32
		{D69B42BC-AB03-9B7E-1BF3-266F56A0C97B}.Debug|Win32.ActiveCfg = Debug|Win32
		{D69B42BC-AB03-9B7E-1BF3-266F56A0C97B}.Debug|Win32.Build.0 = Debug|Win32
		{D69B42BC-AB03-9B7E-1BF3-266F56A0C97B}.Release|Win32.ActiveCfg = Release|Win32
		{D69B42BC-AB03-9B7E-1BF3-266F56A0C97B}.Release|Win32.Build.0 = Release|Win32
		{D6B2C601-F188-AC6A-5C70-62F194DE05F2}.Debug|Win32.ActiveCfg = Debug|Win32
		{D6B2C601-F188-AC6A-5C70-62F194DE05F2}.Debug|Win32.Build.0 = Debug|Win32
		{D6B2C601-F188-AC6A-5C70-62F194DE05F2}.Release|Win32.ActiveCfg = Release|Win32
		{D6B2C601-F188-AC6A-5C70-62F194DE05F2}.Release|Win32.Build.0 = Release|Win32
		{E9E096CF-5CB7-E032-A1CE-586020B28337}.Debug|Win32.ActiveCfg = Debug|Win32
		{E9E096CF-5CB7-E032-A1CE-586020B28337}.Debug|Win32.Build.0 = Debug|Win32
		{E9E096CF-5CB7-E032-A1CE-586020B28337}.Release|Win32.ActiveCfg = Release|Win32
		{E9E096CF-5CB7-E032-A1CE-586020B28337}.Release|Win32.Build.0 = Release|Win32
	EndGlobalSection
	GlobalSection(SolutionProperties) = preSolution
		HideSolutionNode = FALSE
	EndGlobalSection
	GlobalSection(NestedProjects) = preSolution
	EndGlobalSection
EndGlobal
