Microsoft Visual Studio Solution File, Format Version 10.00
# Visual Studio 2008
Project("{8BC9CEB8-8B4A-11D0-8D11-00A0C91BC942}") = "core", "core.vcproj", "{B7760B5E-BFA8-486B-ACFD-49E3A6DE8E76}"
EndProject
Project("{8BC9CEB8-8B4A-11D0-8D11-00A0C91BC942}") = "images", "images.vcproj", "{B9156B1A-128B-8DA7-4817-D29DBE0C42B1}"
EndProject
Project("{8BC9CEB8-8B4A-11D0-8D11-00A0C91BC942}") = "libjpeg", "libjpeg.vcproj", "{97B4A7A2-5A28-C47B-9683-9455A6BA4553}"
EndProject
Project("{8BC9CEB8-8B4A-11D0-8D11-00A0C91BC942}") = "opts", "opts.vcproj", "{35EEB930-E22F-1FCE-1198-2D6FB20E5040}"
EndProject
Project("{8BC9CEB8-8B4A-11D0-8D11-00A0C91BC942}") = "opts_ssse3", "opts_ssse3.vcproj", "{34674BF9-374E-4929-9620-284E9899422A}"
EndProject
Project("{8BC9CEB8-8B4A-11D0-8D11-00A0C91BC942}") = "utils", "utils.vcproj", "{77C1D089-1BB0-10E9-46D6-19545A62EB76}"
EndProject
Project("{8BC9CEB8-8B4A-11D0-8D11-00A0C91BC942}") = "xps", "xps.vcproj", "{2CCFECDB-F519-E20D-A9A3-25FD2989DEE5}"
EndProject
Global
	GlobalSection(SolutionConfigurationPlatforms) = preSolution
		Debug|Win32 = Debug|Win32
		Release|Win32 = Release|Win32
	EndGlobalSection
	GlobalSection(ProjectConfigurationPlatforms) = postSolution
		{2CCFECDB-F519-E20D-A9A3-25FD2989DEE5}.Debug|Win32.ActiveCfg = Debug|Win32
		{2CCFECDB-F519-E20D-A9A3-25FD2989DEE5}.Debug|Win32.Build.0 = Debug|Win32
		{2CCFECDB-F519-E20D-A9A3-25FD2989DEE5}.Release|Win32.ActiveCfg = Release|Win32
		{2CCFECDB-F519-E20D-A9A3-25FD2989DEE5}.Release|Win32.Build.0 = Release|Win32
		{34674BF9-374E-4929-9620-284E9899422A}.Debug|Win32.ActiveCfg = Debug|Win32
		{34674BF9-374E-4929-9620-284E9899422A}.Debug|Win32.Build.0 = Debug|Win32
		{34674BF9-374E-4929-9620-284E9899422A}.Release|Win32.ActiveCfg = Release|Win32
		{34674BF9-374E-4929-9620-284E9899422A}.Release|Win32.Build.0 = Release|Win32
		{35EEB930-E22F-1FCE-1198-2D6FB20E5040}.Debug|Win32.ActiveCfg = Debug|Win32
		{35EEB930-E22F-1FCE-1198-2D6FB20E5040}.Debug|Win32.Build.0 = Debug|Win32
		{35EEB930-E22F-1FCE-1198-2D6FB20E5040}.Release|Win32.ActiveCfg = Release|Win32
		{35EEB930-E22F-1FCE-1198-2D6FB20E5040}.Release|Win32.Build.0 = Release|Win32
		{77C1D089-1BB0-10E9-46D6-19545A62EB76}.Debug|Win32.ActiveCfg = Debug|Win32
		{77C1D089-1BB0-10E9-46D6-19545A62EB76}.Debug|Win32.Build.0 = Debug|Win32
		{77C1D089-1BB0-10E9-46D6-19545A62EB76}.Release|Win32.ActiveCfg = Release|Win32
		{77C1D089-1BB0-10E9-46D6-19545A62EB76}.Release|Win32.Build.0 = Release|Win32
		{97B4A7A2-5A28-C47B-9683-9455A6BA4553}.Debug|Win32.ActiveCfg = Debug|Win32
		{97B4A7A2-5A28-C47B-9683-9455A6BA4553}.Debug|Win32.Build.0 = Debug|Win32
		{97B4A7A2-5A28-C47B-9683-9455A6BA4553}.Release|Win32.ActiveCfg = Release|Win32
		{97B4A7A2-5A28-C47B-9683-9455A6BA4553}.Release|Win32.Build.0 = Release|Win32
		{B7760B5E-BFA8-486B-ACFD-49E3A6DE8E76}.Debug|Win32.ActiveCfg = Debug|Win32
		{B7760B5E-BFA8-486B-ACFD-49E3A6DE8E76}.Debug|Win32.Build.0 = Debug|Win32
		{B7760B5E-BFA8-486B-ACFD-49E3A6DE8E76}.Release|Win32.ActiveCfg = Release|Win32
		{B7760B5E-BFA8-486B-ACFD-49E3A6DE8E76}.Release|Win32.Build.0 = Release|Win32
		{B9156B1A-128B-8DA7-4817-D29DBE0C42B1}.Debug|Win32.ActiveCfg = Debug|Win32
		{B9156B1A-128B-8DA7-4817-D29DBE0C42B1}.Debug|Win32.Build.0 = Debug|Win32
		{B9156B1A-128B-8DA7-4817-D29DBE0C42B1}.Release|Win32.ActiveCfg = Release|Win32
		{B9156B1A-128B-8DA7-4817-D29DBE0C42B1}.Release|Win32.Build.0 = Release|Win32
	EndGlobalSection
	GlobalSection(SolutionProperties) = preSolution
		HideSolutionNode = FALSE
	EndGlobalSection
	GlobalSection(NestedProjects) = preSolution
	EndGlobalSection
EndGlobal
