<?xml version="1.0" encoding="utf-8"?>
<Project ToolsVersion="4.0" xmlns="http://schemas.microsoft.com/developer/msbuild/2003">
  <ItemGroup>
    <Filter Include="Source Files">
      <UniqueIdentifier>{58edacca-5353-40a8-91ab-c55940d0ab77}</UniqueIdentifier>
      <Extensions>cpp;c;cxx;def;odl;idl;hpj;bat;asm</Extensions>
    </Filter>
    <Filter Include="Header Files">
      <UniqueIdentifier>{10e534ec-ed02-4511-ba7e-28ace8f6eb4a}</UniqueIdentifier>
      <Extensions>h;hpp;hxx;hm;inl;inc</Extensions>
    </Filter>
    <Filter Include="Resource Files">
      <UniqueIdentifier>{6c5a93d2-0fdc-4a8a-ab5c-f9c54a255538}</UniqueIdentifier>
      <Extensions>rc;ico;cur;bmp;dlg;rc2;rct;bin;rgs;jpg;jpeg;jpe;manifest</Extensions>
    </Filter>
  </ItemGroup>
  <ItemGroup>
    <ClCompile Include="AboutDlg.cpp">
      <Filter>Source Files</Filter>
    </ClCompile>
    <ClCompile Include="MainDlg.cpp">
      <Filter>Source Files</Filter>
    </ClCompile>
    <ClCompile Include="NoteDlg.cpp">
      <Filter>Source Files</Filter>
    </ClCompile>
    <ClCompile Include="stdafx.cpp">
      <Filter>Source Files</Filter>
    </ClCompile>
    <ClCompile Include="TodoDlg.cpp">
      <Filter>Source Files</Filter>
    </ClCompile>
    <ClCompile Include="..\..\WizGlobals\WizHtmlBase.cpp">
      <Filter>Source Files</Filter>
    </ClCompile>
    <ClCompile Include="..\..\WizGlobals\WizIEBase.cpp">
      <Filter>Source Files</Filter>
    </ClCompile>
    <ClCompile Include="..\Globals\WizKMDatabase.cpp">
      <Filter>Source Files</Filter>
    </ClCompile>
    <ClCompile Include="..\Globals\WizKMGlobal.cpp">
      <Filter>Source Files</Filter>
    </ClCompile>
    <ClCompile Include="..\Globals\WizKMIncludeKMControls.cpp">
      <Filter>Source Files</Filter>
    </ClCompile>
    <ClCompile Include="..\Globals\WizKMIncludeWebCapture.cpp">
      <Filter>Source Files</Filter>
    </ClCompile>
    <ClCompile Include="..\..\WizGlobals\WizMisc.cpp">
      <Filter>Source Files</Filter>
    </ClCompile>
    <ClCompile Include="WizNote.cpp">
      <Filter>Source Files</Filter>
    </ClCompile>
    <ClCompile Include="..\..\WizGlobals\WizUIBase.cpp">
      <Filter>Source Files</Filter>
    </ClCompile>
  </ItemGroup>
  <ItemGroup>
    <ClInclude Include="AboutDlg.h">
      <Filter>Header Files</Filter>
    </ClInclude>
    <ClInclude Include="ConfigGeneralDlg.h">
      <Filter>Header Files</Filter>
    </ClInclude>
    <ClInclude Include="ConfigHotkeyDlg.h">
      <Filter>Header Files</Filter>
    </ClInclude>
    <ClInclude Include="ConfigToolbarDlg.h">
      <Filter>Header Files</Filter>
    </ClInclude>
    <ClInclude Include="MainDlg.h">
      <Filter>Header Files</Filter>
    </ClInclude>
    <ClInclude Include="NoteDlg.h">
      <Filter>Header Files</Filter>
    </ClInclude>
    <ClInclude Include="NoteEdit.h">
      <Filter>Header Files</Filter>
    </ClInclude>
    <ClInclude Include="RemindEventDlg.h">
      <Filter>Header Files</Filter>
    </ClInclude>
    <ClInclude Include="resource.h">
      <Filter>Header Files</Filter>
    </ClInclude>
    <ClInclude Include="stdafx.h">
      <Filter>Header Files</Filter>
    </ClInclude>
    <ClInclude Include="TodoDlg.h">
      <Filter>Header Files</Filter>
    </ClInclude>
    <ClInclude Include="TodoLinksDlg.h">
      <Filter>Header Files</Filter>
    </ClInclude>
    <ClInclude Include="..\..\WizGlobals\WizAtlDragDrop.h">
      <Filter>Header Files</Filter>
    </ClInclude>
    <ClInclude Include="..\..\WizGlobals\WizHtmlBase.h">
      <Filter>Header Files</Filter>
    </ClInclude>
    <ClInclude Include="..\..\WizGlobals\WizIE.h">
      <Filter>Header Files</Filter>
    </ClInclude>
    <ClInclude Include="..\..\WizGlobals\WizIEBase.h">
      <Filter>Header Files</Filter>
    </ClInclude>
    <ClInclude Include="..\Globals\WizKMCalendarEventsAddToTodoData.h">
      <Filter>Header Files</Filter>
    </ClInclude>
    <ClInclude Include="..\Globals\WizKMCollectionIsEqual.h">
      <Filter>Header Files</Filter>
    </ClInclude>
    <ClInclude Include="..\Globals\WizKMComHelper.h">
      <Filter>Header Files</Filter>
    </ClInclude>
    <ClInclude Include="..\Globals\WizKMDatabase.h">
      <Filter>Header Files</Filter>
    </ClInclude>
    <ClInclude Include="..\Globals\WizKMDatabaseEx.h">
      <Filter>Header Files</Filter>
    </ClInclude>
    <ClInclude Include="..\Globals\WizKMEditDocumentEx.h">
      <Filter>Header Files</Filter>
    </ClInclude>
    <ClInclude Include="..\Globals\WizKMGlobal.h">
      <Filter>Header Files</Filter>
    </ClInclude>
    <ClInclude Include="..\Globals\WizKMHotKeyCtrl.h">
      <Filter>Header Files</Filter>
    </ClInclude>
    <ClInclude Include="..\Globals\WizKMSettings.h">
      <Filter>Header Files</Filter>
    </ClInclude>
    <ClInclude Include="..\Globals\WizKMTodo.h">
      <Filter>Header Files</Filter>
    </ClInclude>
    <ClInclude Include="..\Globals\WizKMTodoDocument.h">
      <Filter>Header Files</Filter>
    </ClInclude>
    <ClInclude Include="..\..\WizGlobals\WizMisc.h">
      <Filter>Header Files</Filter>
    </ClInclude>
    <ClInclude Include="WizNoteSmallDlgBase.h">
      <Filter>Header Files</Filter>
    </ClInclude>
    <ClInclude Include="..\..\WizGlobals\WizSmallDlg.h">
      <Filter>Header Files</Filter>
    </ClInclude>
    <ClInclude Include="WizTodoTreeCtrl.h">
      <Filter>Header Files</Filter>
    </ClInclude>
    <ClInclude Include="..\..\WizGlobals\WizUIBase.h">
      <Filter>Header Files</Filter>
    </ClInclude>
  </ItemGroup>
  <ItemGroup>
    <None Include="res\add_note.ico">
      <Filter>Resource Files</Filter>
    </None>
    <None Include="res\add_note_disabled.ico">
      <Filter>Resource Files</Filter>
    </None>
    <None Include="res\alarm.bmp">
      <Filter>Resource Files</Filter>
    </None>
    <None Include="res\icon_close.ico">
      <Filter>Resource Files</Filter>
    </None>
    <None Include="res\icon_down.ico">
      <Filter>Resource Files</Filter>
    </None>
    <None Include="res\icon_down_gray.ico">
      <Filter>Resource Files</Filter>
    </None>
    <None Include="res\icon_loc.ico">
      <Filter>Resource Files</Filter>
    </None>
    <None Include="res\icon_lock.ico">
      <Filter>Resource Files</Filter>
    </None>
    <None Include="res\icon_menu.ico">
      <Filter>Resource Files</Filter>
    </None>
    <None Include="res\icon_new.ico">
      <Filter>Resource Files</Filter>
    </None>
    <None Include="res\icon_next.ico">
      <Filter>Resource Files</Filter>
    </None>
    <None Include="res\icon_pin_desk.ico">
      <Filter>Resource Files</Filter>
    </None>
    <None Include="res\icon_pre.ico">
      <Filter>Resource Files</Filter>
    </None>
    <None Include="res\icon_prev.ico">
      <Filter>Resource Files</Filter>
    </None>
    <None Include="res\icon_unlock.ico">
      <Filter>Resource Files</Filter>
    </None>
    <None Include="res\icon_up.ico">
      <Filter>Resource Files</Filter>
    </None>
    <None Include="res\icon_up_gray.ico">
      <Filter>Resource Files</Filter>
    </None>
    <None Include="res\idr_main.ico">
      <Filter>Resource Files</Filter>
    </None>
    <None Include="res\new.ico">
      <Filter>Resource Files</Filter>
    </None>
    <None Include="res\new_note.ico">
      <Filter>Resource Files</Filter>
    </None>
    <None Include="res\save.ico">
      <Filter>Resource Files</Filter>
    </None>
    <None Include="res\save_clipboard.ico">
      <Filter>Resource Files</Filter>
    </None>
    <None Include="res\save_clipboard_disabled.ico">
      <Filter>Resource Files</Filter>
    </None>
    <None Include="res\save_disabled.ico">
      <Filter>Resource Files</Filter>
    </None>
    <None Include="res\todolist_state.bmp">
      <Filter>Resource Files</Filter>
    </None>
    <None Include="res\WizNote.ico">
      <Filter>Resource Files</Filter>
    </None>
  </ItemGroup>
  <ItemGroup>
    <ResourceCompile Include="WizNote.rc">
      <Filter>Resource Files</Filter>
    </ResourceCompile>
  </ItemGroup>
</Project>