Microsoft Visual Studio Solution File, Format Version 11.00
# Visual Studio 2010
Project("{8BC9CEB8-8B4A-11D0-8D11-00A0C91BC942}") = "angle", "angle.vcxproj", "{F2A17784-FC23-C447-D3C2-B7667B92BD31}"
EndProject
Project("{8BC9CEB8-8B4A-11D0-8D11-00A0C91BC942}") = "bench", "bench.vcxproj", "{F5B81AD6-E167-00F5-47C9-32CFC05301D0}"
	ProjectSection(ProjectDependencies) = postProject
		{B7760B5E-BFA8-486B-ACFD-49E3A6DE8E76} = {B7760B5E-BFA8-486B-ACFD-49E3A6DE8E76}
		{A37C8E60-186B-2915-2DC0-DDCD03D362DA} = {A37C8E60-186B-2915-2DC0-DDCD03D362DA}
		{A3611DB6-6A7F-3064-F77C-D2741DD63172} = {A3611DB6-6A7F-3064-F77C-D2741DD63172}
		{CD9DEFE6-2751-BD09-7F6C-47A92E8EBF1A} = {CD9DEFE6-2751-BD09-7F6C-47A92E8EBF1A}
		{05332C0B-C859-DB59-FF72-CADC52112BED} = {05332C0B-C859-DB59-FF72-CADC52112BED}
		{787D2B25-867F-2EF2-5D38-F9F77EF5DC87} = {787D2B25-867F-2EF2-5D38-F9F77EF5DC87}
		{2400B67A-C487-0AAB-6D36-E90CCFA4291C} = {2400B67A-C487-0AAB-6D36-E90CCFA4291C}
		{C186ACD9-F801-8B6A-E002-7AF0802EB824} = {C186ACD9-F801-8B6A-E002-7AF0802EB824}
		{A892EE85-CAD8-49F1-B648-80192349D67F} = {A892EE85-CAD8-49F1-B648-80192349D67F}
		{1663C886-ECAF-020E-D6CD-1101A7B3888C} = {1663C886-ECAF-020E-D6CD-1101A7B3888C}
		{F2A17784-FC23-C447-D3C2-B7667B92BD31} = {F2A17784-FC23-C447-D3C2-B7667B92BD31}
		{FF9A6C9A-1FED-1E25-FB6E-CD6E1B0C567E} = {FF9A6C9A-1FED-1E25-FB6E-CD6E1B0C567E}
		{72117121-85F4-463B-FB61-5C34507E7394} = {72117121-85F4-463B-FB61-5C34507E7394}
	EndProjectSection
EndProject
Project("{8BC9CEB8-8B4A-11D0-8D11-00A0C91BC942}") = "bench_timer", "bench_timer.vcxproj", "{787D2B25-867F-2EF2-5D38-F9F77EF5DC87}"
EndProject
Project("{8BC9CEB8-8B4A-11D0-8D11-00A0C91BC942}") = "core", "core.vcxproj", "{B7760B5E-BFA8-486B-ACFD-49E3A6DE8E76}"
EndProject
Project("{8BC9CEB8-8B4A-11D0-8D11-00A0C91BC942}") = "effects", "effects.vcxproj", "{A37C8E60-186B-2915-2DC0-DDCD03D362DA}"
EndProject
Project("{8BC9CEB8-8B4A-11D0-8D11-00A0C91BC942}") = "gr", "gr.vcxproj", "{2400B67A-C487-0AAB-6D36-E90CCFA4291C}"
	ProjectSection(ProjectDependencies) = postProject
		{F2A17784-FC23-C447-D3C2-B7667B92BD31} = {F2A17784-FC23-C447-D3C2-B7667B92BD31}
	EndProjectSection
EndProject
Project("{8BC9CEB8-8B4A-11D0-8D11-00A0C91BC942}") = "images", "images.vcxproj", "{A3611DB6-6A7F-3064-F77C-D2741DD63172}"
EndProject
Project("{8BC9CEB8-8B4A-11D0-8D11-00A0C91BC942}") = "libjpeg", "libjpeg.vcxproj", "{FF9A6C9A-1FED-1E25-FB6E-CD6E1B0C567E}"
EndProject
Project("{8BC9CEB8-8B4A-11D0-8D11-00A0C91BC942}") = "opts", "opts.vcxproj", "{A892EE85-CAD8-49F1-B648-80192349D67F}"
EndProject
Project("{8BC9CEB8-8B4A-11D0-8D11-00A0C91BC942}") = "opts_ssse3", "opts_ssse3.vcxproj", "{1663C886-ECAF-020E-D6CD-1101A7B3888C}"
EndProject
Project("{8BC9CEB8-8B4A-11D0-8D11-00A0C91BC942}") = "ports", "ports.vcxproj", "{CD9DEFE6-2751-BD09-7F6C-47A92E8EBF1A}"
EndProject
Project("{8BC9CEB8-8B4A-11D0-8D11-00A0C91BC942}") = "sfnt", "sfnt.vcxproj", "{72117121-85F4-463B-FB61-5C34507E7394}"
EndProject
Project("{8BC9CEB8-8B4A-11D0-8D11-00A0C91BC942}") = "skgr", "skgr.vcxproj", "{C186ACD9-F801-8B6A-E002-7AF0802EB824}"
	ProjectSection(ProjectDependencies) = postProject
		{F2A17784-FC23-C447-D3C2-B7667B92BD31} = {F2A17784-FC23-C447-D3C2-B7667B92BD31}
	EndProjectSection
EndProject
Project("{8BC9CEB8-8B4A-11D0-8D11-00A0C91BC942}") = "utils", "utils.vcxproj", "{05332C0B-C859-DB59-FF72-CADC52112BED}"
EndProject
Global
	GlobalSection(SolutionConfigurationPlatforms) = preSolution
		Debug|Win32 = Debug|Win32
		Release|Win32 = Release|Win32
	EndGlobalSection
	GlobalSection(ProjectConfigurationPlatforms) = postSolution
		{05332C0B-C859-DB59-FF72-CADC52112BED}.Debug|Win32.ActiveCfg = Debug|Win32
		{05332C0B-C859-DB59-FF72-CADC52112BED}.Debug|Win32.Build.0 = Debug|Win32
		{05332C0B-C859-DB59-FF72-CADC52112BED}.Release|Win32.ActiveCfg = Release|Win32
		{05332C0B-C859-DB59-FF72-CADC52112BED}.Release|Win32.Build.0 = Release|Win32
		{1663C886-ECAF-020E-D6CD-1101A7B3888C}.Debug|Win32.ActiveCfg = Debug|Win32
		{1663C886-ECAF-020E-D6CD-1101A7B3888C}.Debug|Win32.Build.0 = Debug|Win32
		{1663C886-ECAF-020E-D6CD-1101A7B3888C}.Release|Win32.ActiveCfg = Release|Win32
		{1663C886-ECAF-020E-D6CD-1101A7B3888C}.Release|Win32.Build.0 = Release|Win32
		{2400B67A-C487-0AAB-6D36-E90CCFA4291C}.Debug|Win32.ActiveCfg = Debug|Win32
		{2400B67A-C487-0AAB-6D36-E90CCFA4291C}.Debug|Win32.Build.0 = Debug|Win32
		{2400B67A-C487-0AAB-6D36-E90CCFA4291C}.Release|Win32.ActiveCfg = Release|Win32
		{2400B67A-C487-0AAB-6D36-E90CCFA4291C}.Release|Win32.Build.0 = Release|Win32
		{72117121-85F4-463B-FB61-5C34507E7394}.Debug|Win32.ActiveCfg = Debug|Win32
		{72117121-85F4-463B-FB61-5C34507E7394}.Debug|Win32.Build.0 = Debug|Win32
		{72117121-85F4-463B-FB61-5C34507E7394}.Release|Win32.ActiveCfg = Release|Win32
		{72117121-85F4-463B-FB61-5C34507E7394}.Release|Win32.Build.0 = Release|Win32
		{787D2B25-867F-2EF2-5D38-F9F77EF5DC87}.Debug|Win32.ActiveCfg = Debug|Win32
		{787D2B25-867F-2EF2-5D38-F9F77EF5DC87}.Debug|Win32.Build.0 = Debug|Win32
		{787D2B25-867F-2EF2-5D38-F9F77EF5DC87}.Release|Win32.ActiveCfg = Release|Win32
		{787D2B25-867F-2EF2-5D38-F9F77EF5DC87}.Release|Win32.Build.0 = Release|Win32
		{A3611DB6-6A7F-3064-F77C-D2741DD63172}.Debug|Win32.ActiveCfg = Debug|Win32
		{A3611DB6-6A7F-3064-F77C-D2741DD63172}.Debug|Win32.Build.0 = Debug|Win32
		{A3611DB6-6A7F-3064-F77C-D2741DD63172}.Release|Win32.ActiveCfg = Release|Win32
		{A3611DB6-6A7F-3064-F77C-D2741DD63172}.Release|Win32.Build.0 = Release|Win32
		{A37C8E60-186B-2915-2DC0-DDCD03D362DA}.Debug|Win32.ActiveCfg = Debug|Win32
		{A37C8E60-186B-2915-2DC0-DDCD03D362DA}.Debug|Win32.Build.0 = Debug|Win32
		{A37C8E60-186B-2915-2DC0-DDCD03D362DA}.Release|Win32.ActiveCfg = Release|Win32
		{A37C8E60-186B-2915-2DC0-DDCD03D362DA}.Release|Win32.Build.0 = Release|Win32
		{A892EE85-CAD8-49F1-B648-80192349D67F}.Debug|Win32.ActiveCfg = Debug|Win32
		{A892EE85-CAD8-49F1-B648-80192349D67F}.Debug|Win32.Build.0 = Debug|Win32
		{A892EE85-CAD8-49F1-B648-80192349D67F}.Release|Win32.ActiveCfg = Release|Win32
		{A892EE85-CAD8-49F1-B648-80192349D67F}.Release|Win32.Build.0 = Release|Win32
		{B7760B5E-BFA8-486B-ACFD-49E3A6DE8E76}.Debug|Win32.ActiveCfg = Debug|Win32
		{B7760B5E-BFA8-486B-ACFD-49E3A6DE8E76}.Debug|Win32.Build.0 = Debug|Win32
		{B7760B5E-BFA8-486B-ACFD-49E3A6DE8E76}.Release|Win32.ActiveCfg = Release|Win32
		{B7760B5E-BFA8-486B-ACFD-49E3A6DE8E76}.Release|Win32.Build.0 = Release|Win32
		{C186ACD9-F801-8B6A-E002-7AF0802EB824}.Debug|Win32.ActiveCfg = Debug|Win32
		{C186ACD9-F801-8B6A-E002-7AF0802EB824}.Debug|Win32.Build.0 = Debug|Win32
		{C186ACD9-F801-8B6A-E002-7AF0802EB824}.Release|Win32.ActiveCfg = Release|Win32
		{C186ACD9-F801-8B6A-E002-7AF0802EB824}.Release|Win32.Build.0 = Release|Win32
		{CD9DEFE6-2751-BD09-7F6C-47A92E8EBF1A}.Debug|Win32.ActiveCfg = Debug|Win32
		{CD9DEFE6-2751-BD09-7F6C-47A92E8EBF1A}.Debug|Win32.Build.0 = Debug|Win32
		{CD9DEFE6-2751-BD09-7F6C-47A92E8EBF1A}.Release|Win32.ActiveCfg = Release|Win32
		{CD9DEFE6-2751-BD09-7F6C-47A92E8EBF1A}.Release|Win32.Build.0 = Release|Win32
		{F2A17784-FC23-C447-D3C2-B7667B92BD31}.Debug|Win32.ActiveCfg = Debug|Win32
		{F2A17784-FC23-C447-D3C2-B7667B92BD31}.Debug|Win32.Build.0 = Debug|Win32
		{F2A17784-FC23-C447-D3C2-B7667B92BD31}.Release|Win32.ActiveCfg = Release|Win32
		{F2A17784-FC23-C447-D3C2-B7667B92BD31}.Release|Win32.Build.0 = Release|Win32
		{F5B81AD6-E167-00F5-47C9-32CFC05301D0}.Debug|Win32.ActiveCfg = Debug|Win32
		{F5B81AD6-E167-00F5-47C9-32CFC05301D0}.Debug|Win32.Build.0 = Debug|Win32
		{F5B81AD6-E167-00F5-47C9-32CFC05301D0}.Release|Win32.ActiveCfg = Release|Win32
		{F5B81AD6-E167-00F5-47C9-32CFC05301D0}.Release|Win32.Build.0 = Release|Win32
		{FF9A6C9A-1FED-1E25-FB6E-CD6E1B0C567E}.Debug|Win32.ActiveCfg = Debug|Win32
		{FF9A6C9A-1FED-1E25-FB6E-CD6E1B0C567E}.Debug|Win32.Build.0 = Debug|Win32
		{FF9A6C9A-1FED-1E25-FB6E-CD6E1B0C567E}.Release|Win32.ActiveCfg = Release|Win32
		{FF9A6C9A-1FED-1E25-FB6E-CD6E1B0C567E}.Release|Win32.Build.0 = Release|Win32
	EndGlobalSection
	GlobalSection(SolutionProperties) = preSolution
		HideSolutionNode = FALSE
	EndGlobalSection
	GlobalSection(NestedProjects) = preSolution
	EndGlobalSection
EndGlobal
