<?xml version="1.0" encoding="utf-8"?><Project ToolsVersion="4.0" xmlns="http://schemas.microsoft.com/developer/msbuild/2003"><ItemGroup><Filter Include=".."><UniqueIdentifier>{739DB09A-CC57-A953-A6CF-F64FA08E4FA7}</UniqueIdentifier></Filter><Filter Include="..\.."><UniqueIdentifier>{739DB09A-CC57-A953-A6CF-F64FA08E4FA7}</UniqueIdentifier></Filter><Filter Include="..\..\gyp"><UniqueIdentifier>{30B32512-2E13-32EA-B437-6F75133648E3}</UniqueIdentifier></Filter><Filter Include="..\..\bench"><UniqueIdentifier>{33A8EE30-45F5-4DC5-CE1A-082AA16A84C2}</UniqueIdentifier></Filter></ItemGroup><ItemGroup><None Include="..\..\gyp\bench.gyp"><Filter>..\..\gyp</Filter></None><ClInclude Include="..\..\bench\SkBenchmark.h"><Filter>..\..\bench</Filter></ClInclude><ClCompile Include="..\..\bench\SkBenchmark.cpp"><Filter>..\..\bench</Filter></ClCompile><ClCompile Include="..\..\bench\ScalarBench.cpp"><Filter>..\..\bench</Filter></ClCompile><ClCompile Include="..\..\bench\RectBench.cpp"><Filter>..\..\bench</Filter></ClCompile><ClCompile Include="..\..\bench\WriterBench.cpp"><Filter>..\..\bench</Filter></ClCompile><ClCompile Include="..\..\bench\PicturePlaybackBench.cpp"><Filter>..\..\bench</Filter></ClCompile><ClCompile Include="..\..\bench\MorphologyBench.cpp"><Filter>..\..\bench</Filter></ClCompile><ClCompile Include="..\..\bench\ChromeBench.cpp"><Filter>..\..\bench</Filter></ClCompile><ClCompile Include="..\..\bench\MutexBench.cpp"><Filter>..\..\bench</Filter></ClCompile><ClCompile Include="..\..\bench\benchmain.cpp"><Filter>..\..\bench</Filter></ClCompile><ClCompile Include="..\..\bench\AAClipBench.cpp"><Filter>..\..\bench</Filter></ClCompile><ClCompile Include="..\..\bench\PictureRecordBench.cpp"><Filter>..\..\bench</Filter></ClCompile><ClCompile Include="..\..\bench\InterpBench.cpp"><Filter>..\..\bench</Filter></ClCompile><ClCompile Include="..\..\bench\FontScalerBench.cpp"><Filter>..\..\bench</Filter></ClCompile><ClCompile Include="..\..\bench\MathBench.cpp"><Filter>..\..\bench</Filter></ClCompile><ClCompile Include="..\..\bench\ChecksumBench.cpp"><Filter>..\..\bench</Filter></ClCompile><ClCompile Include="..\..\bench\VertBench.cpp"><Filter>..\..\bench</Filter></ClCompile><ClCompile Include="..\..\bench\ShaderMaskBench.cpp"><Filter>..\..\bench</Filter></ClCompile><ClCompile Include="..\..\bench\MatrixBench.cpp"><Filter>..\..\bench</Filter></ClCompile><ClCompile Include="..\..\bench\RegionBench.cpp"><Filter>..\..\bench</Filter></ClCompile><ClCompile Include="..\..\bench\DecodeBench.cpp"><Filter>..\..\bench</Filter></ClCompile><ClCompile Include="..\..\bench\PathIterBench.cpp"><Filter>..\..\bench</Filter></ClCompile><ClCompile Include="..\..\bench\PathBench.cpp"><Filter>..\..\bench</Filter></ClCompile><ClCompile Include="..\..\bench\DashBench.cpp"><Filter>..\..\bench</Filter></ClCompile><ClCompile Include="..\..\bench\RefCntBench.cpp"><Filter>..\..\bench</Filter></ClCompile><ClCompile Include="..\..\bench\MemoryBench.cpp"><Filter>..\..\bench</Filter></ClCompile><ClCompile Include="..\..\bench\GradientBench.cpp"><Filter>..\..\bench</Filter></ClCompile><ClCompile Include="..\..\bench\TextBench.cpp"><Filter>..\..\bench</Filter></ClCompile><ClCompile Include="..\..\bench\BitmapBench.cpp"><Filter>..\..\bench</Filter></ClCompile><ClCompile Include="..\..\bench\GrMemoryPoolBench.cpp"><Filter>..\..\bench</Filter></ClCompile><ClCompile Include="..\..\bench\BlurBench.cpp"><Filter>..\..\bench</Filter></ClCompile><ClCompile Include="..\..\bench\RepeatTileBench.cpp"><Filter>..\..\bench</Filter></ClCompile></ItemGroup></Project>