<?xml version="1.0" encoding="utf-8"?><Project ToolsVersion="4.0" xmlns="http://schemas.microsoft.com/developer/msbuild/2003"><ItemGroup><Filter Include=".."><UniqueIdentifier>{739DB09A-CC57-A953-A6CF-F64FA08E4FA7}</UniqueIdentifier></Filter><Filter Include="..\.."><UniqueIdentifier>{739DB09A-CC57-A953-A6CF-F64FA08E4FA7}</UniqueIdentifier></Filter><Filter Include="..\..\experimental"><UniqueIdentifier>{BA17F945-8D93-BAFC-AAF4-450FDFAE676C}</UniqueIdentifier></Filter><Filter Include="..\..\gyp"><UniqueIdentifier>{30B32512-2E13-32EA-B437-6F75133648E3}</UniqueIdentifier></Filter></ItemGroup><ItemGroup><ClCompile Include="..\..\experimental\SkSetPoly3To3.cpp"><Filter>..\..\experimental</Filter></ClCompile><ClCompile Include="..\..\experimental\SkSetPoly3To3_D.cpp"><Filter>..\..\experimental</Filter></ClCompile><ClCompile Include="..\..\experimental\SkSetPoly3To3_A.cpp"><Filter>..\..\experimental</Filter></ClCompile><None Include="..\..\gyp\experimental.gyp"><Filter>..\..\gyp</Filter></None></ItemGroup></Project>