Microsoft Visual Studio Solution File, Format Version 11.00
# Visual Studio 2010
Project("{8BC9CEB8-8B4A-11D0-8D11-00A0C91BC942}") = "libjpeg", "libjpeg.vcxproj", "{FF9A6C9A-1FED-1E25-FB6E-CD6E1B0C567E}"
EndProject
Global
	GlobalSection(SolutionConfigurationPlatforms) = preSolution
		Debug|Win32 = Debug|Win32
		Release|Win32 = Release|Win32
	EndGlobalSection
	GlobalSection(ProjectConfigurationPlatforms) = postSolution
		{FF9A6C9A-1FED-1E25-FB6E-CD6E1B0C567E}.Debug|Win32.ActiveCfg = Debug|Win32
		{FF9A6C9A-1FED-1E25-FB6E-CD6E1B0C567E}.Debug|Win32.Build.0 = Debug|Win32
		{FF9A6C9A-1FED-1E25-FB6E-CD6E1B0C567E}.Release|Win32.ActiveCfg = Release|Win32
		{FF9A6C9A-1FED-1E25-FB6E-CD6E1B0C567E}.Release|Win32.Build.0 = Release|Win32
	EndGlobalSection
	GlobalSection(SolutionProperties) = preSolution
		HideSolutionNode = FALSE
	EndGlobalSection
	GlobalSection(NestedProjects) = preSolution
	EndGlobalSection
EndGlobal
