Microsoft Visual Studio Solution File, Format Version 11.00
# Visual Studio 2010
Project("{8BC9CEB8-8B4A-11D0-8D11-00A0C91BC942}") = "views_animated", "views_animated.vcxproj", "{168446D3-F841-0690-B77A-3E4432369071}"
EndProject
Global
	GlobalSection(SolutionConfigurationPlatforms) = preSolution
		Debug|Win32 = Debug|Win32
		Release|Win32 = Release|Win32
	EndGlobalSection
	GlobalSection(ProjectConfigurationPlatforms) = postSolution
		{168446D3-F841-0690-B77A-3E4432369071}.Debug|Win32.ActiveCfg = Debug|Win32
		{168446D3-F841-0690-B77A-3E4432369071}.Debug|Win32.Build.0 = Debug|Win32
		{168446D3-F841-0690-B77A-3E4432369071}.Release|Win32.ActiveCfg = Release|Win32
		{168446D3-F841-0690-B77A-3E4432369071}.Release|Win32.Build.0 = Release|Win32
	EndGlobalSection
	GlobalSection(SolutionProperties) = preSolution
		HideSolutionNode = FALSE
	EndGlobalSection
	GlobalSection(NestedProjects) = preSolution
	EndGlobalSection
EndGlobal
