<?xml version="1.0" encoding="utf-8"?><Project ToolsVersion="4.0" xmlns="http://schemas.microsoft.com/developer/msbuild/2003"><ItemGroup><Filter Include=".."><UniqueIdentifier>{739DB09A-CC57-A953-A6CF-F64FA08E4FA7}</UniqueIdentifier></Filter><Filter Include="..\.."><UniqueIdentifier>{739DB09A-CC57-A953-A6CF-F64FA08E4FA7}</UniqueIdentifier></Filter><Filter Include="..\..\src"><UniqueIdentifier>{8CDEE807-BC53-E450-C8B8-4DEBB66742D4}</UniqueIdentifier></Filter><Filter Include="..\..\src\gpu"><UniqueIdentifier>{52E8B949-3E67-CAB7-33D9-3F972FED789B}</UniqueIdentifier></Filter><Filter Include="..\..\src\gpu\android"><UniqueIdentifier>{840B8E33-5F8C-45A0-5FD6-F07AA5687203}</UniqueIdentifier></Filter><Filter Include="..\..\src\gpu\android\_excluded_files"><UniqueIdentifier>{158E591E-B6EA-0C85-8F5A-18EAFA09B4CE}</UniqueIdentifier></Filter><Filter Include="..\..\src\gpu\gl"><UniqueIdentifier>{71BB4E41-219D-601E-ACE4-FEA008E71300}</UniqueIdentifier></Filter><Filter Include="..\..\src\gpu\gl\_excluded_files"><UniqueIdentifier>{158E591E-B6EA-0C85-8F5A-18EAFA09B4CE}</UniqueIdentifier></Filter><Filter Include="..\..\src\gpu\gl\angle"><UniqueIdentifier>{2039F76D-4C9A-B8A0-444A-4766C6F6104A}</UniqueIdentifier></Filter><Filter Include="..\..\src\gpu\gl\angle\_excluded_files"><UniqueIdentifier>{158E591E-B6EA-0C85-8F5A-18EAFA09B4CE}</UniqueIdentifier></Filter><Filter Include="..\..\src\gpu\gl\win"><UniqueIdentifier>{47FC5EC4-15EB-E92F-89D7-AFE51CF838A9}</UniqueIdentifier></Filter><Filter Include="..\..\src\gpu\gl\mac"><UniqueIdentifier>{DDBFF7CF-DBCF-B2FC-793A-DB701B563E8D}</UniqueIdentifier></Filter><Filter Include="..\..\src\gpu\gl\mac\_excluded_files"><UniqueIdentifier>{158E591E-B6EA-0C85-8F5A-18EAFA09B4CE}</UniqueIdentifier></Filter><Filter Include="..\..\src\gpu\gl\unix"><UniqueIdentifier>{23A1C8CF-B091-0314-2D0E-B543963E25F2}</UniqueIdentifier></Filter><Filter Include="..\..\src\gpu\gl\unix\_excluded_files"><UniqueIdentifier>{158E591E-B6EA-0C85-8F5A-18EAFA09B4CE}</UniqueIdentifier></Filter><Filter Include="..\..\src\gpu\gl\debug"><UniqueIdentifier>{FBAE646B-1E91-2C58-956B-A42D67D8DA0E}</UniqueIdentifier></Filter><Filter Include="..\..\src\gpu\gl\mesa"><UniqueIdentifier>{CFA412D8-4E40-8543-F18F-7DDC0AFDA9BE}</UniqueIdentifier></Filter><Filter Include="..\..\src\gpu\gl\mesa\_excluded_files"><UniqueIdentifier>{158E591E-B6EA-0C85-8F5A-18EAFA09B4CE}</UniqueIdentifier></Filter><Filter Include="..\..\src\gpu\effects"><UniqueIdentifier>{36A8AD63-8CBF-1F3E-7DA2-5DF592B07DB0}</UniqueIdentifier></Filter><Filter Include="..\..\include"><UniqueIdentifier>{57CA55B8-BCC5-4000-CE3A-58972F82E9CB}</UniqueIdentifier></Filter><Filter Include="..\..\include\gpu"><UniqueIdentifier>{52E8B949-3E67-CAB7-33D9-3F972FED789B}</UniqueIdentifier></Filter><Filter Include="..\..\include\gpu\gl"><UniqueIdentifier>{71BB4E41-219D-601E-ACE4-FEA008E71300}</UniqueIdentifier></Filter><Filter Include="..\..\gyp"><UniqueIdentifier>{30B32512-2E13-32EA-B437-6F75133648E3}</UniqueIdentifier></Filter></ItemGroup><ItemGroup><ClInclude Include="..\..\src\gpu\GrIndexBuffer.h"><Filter>..\..\src\gpu</Filter></ClInclude><ClInclude Include="..\..\src\gpu\GrStencilBuffer.h"><Filter>..\..\src\gpu</Filter></ClInclude><ClCompile Include="..\..\src\gpu\GrBufferAllocPool.cpp"><Filter>..\..\src\gpu</Filter></ClCompile><ClCompile Include="..\..\src\gpu\GrSurface.cpp"><Filter>..\..\src\gpu</Filter></ClCompile><ClCompile Include="..\..\src\gpu\GrStencil.cpp"><Filter>..\..\src\gpu</Filter></ClCompile><ClInclude Include="..\..\src\gpu\GrDrawTarget.h"><Filter>..\..\src\gpu</Filter></ClInclude><ClInclude Include="..\..\src\gpu\GrAllocator.h"><Filter>..\..\src\gpu</Filter></ClInclude><ClCompile Include="..\..\src\gpu\GrMemory.cpp"><Filter>..\..\src\gpu</Filter></ClCompile><ClCompile Include="..\..\src\gpu\GrGpuFactory.cpp"><Filter>..\..\src\gpu</Filter></ClCompile><ClCompile Include="..\..\src\gpu\GrStencilBuffer.cpp"><Filter>..\..\src\gpu</Filter></ClCompile><ClCompile Include="..\..\src\gpu\GrAARectRenderer.cpp"><Filter>..\..\src\gpu</Filter></ClCompile><ClInclude Include="..\..\src\gpu\GrPathUtils.h"><Filter>..\..\src\gpu</Filter></ClInclude><ClCompile Include="..\..\src\gpu\GrPathRendererChain.cpp"><Filter>..\..\src\gpu</Filter></ClCompile><ClInclude Include="..\..\src\gpu\GrPathRenderer.h"><Filter>..\..\src\gpu</Filter></ClInclude><ClCompile Include="..\..\src\gpu\GrPathUtils.cpp"><Filter>..\..\src\gpu</Filter></ClCompile><ClCompile Include="..\..\src\gpu\GrAllocPool.cpp"><Filter>..\..\src\gpu</Filter></ClCompile><ClInclude Include="..\..\src\gpu\GrAAHairLinePathRenderer.h"><Filter>..\..\src\gpu</Filter></ClInclude><ClInclude Include="..\..\src\gpu\GrTemplates.h"><Filter>..\..\src\gpu</Filter></ClInclude><ClCompile Include="..\..\src\gpu\gr_unittests.cpp"><Filter>..\..\src\gpu</Filter></ClCompile><ClInclude Include="..\..\src\gpu\GrBufferAllocPool.h"><Filter>..\..\src\gpu</Filter></ClInclude><ClInclude Include="..\..\src\gpu\GrRedBlackTree.h"><Filter>..\..\src\gpu</Filter></ClInclude><ClInclude Include="..\..\src\gpu\GrSWMaskHelper.h"><Filter>..\..\src\gpu</Filter></ClInclude><ClInclude Include="..\..\src\gpu\GrResourceCache.h"><Filter>..\..\src\gpu</Filter></ClInclude><ClInclude Include="..\..\src\gpu\GrMemoryPool.h"><Filter>..\..\src\gpu</Filter></ClInclude><ClInclude Include="..\..\src\gpu\GrTBSearch.h"><Filter>..\..\src\gpu</Filter></ClInclude><ClInclude Include="..\..\src\gpu\GrVertexBuffer.h"><Filter>..\..\src\gpu</Filter></ClInclude><ClCompile Include="..\..\src\gpu\GrTextContext.cpp"><Filter>..\..\src\gpu</Filter></ClCompile><ClInclude Include="..\..\src\gpu\GrGpu.h"><Filter>..\..\src\gpu</Filter></ClInclude><ClCompile Include="..\..\src\gpu\GrCustomStage.cpp"><Filter>..\..\src\gpu</Filter></ClCompile><ClCompile Include="..\..\src\gpu\GrRenderTarget.cpp"><Filter>..\..\src\gpu</Filter></ClCompile><ClInclude Include="..\..\src\gpu\GrTDArray.h"><Filter>..\..\src\gpu</Filter></ClInclude><ClInclude Include="..\..\src\gpu\GrAAConvexPathRenderer.h"><Filter>..\..\src\gpu</Filter></ClInclude><ClInclude Include="..\..\src\gpu\GrPath.h"><Filter>..\..\src\gpu</Filter></ClInclude><ClCompile Include="..\..\src\gpu\GrDrawTarget.cpp"><Filter>..\..\src\gpu</Filter></ClCompile><ClInclude Include="..\..\src\gpu\GrSoftwarePathRenderer.h"><Filter>..\..\src\gpu</Filter></ClInclude><ClInclude Include="..\..\src\gpu\GrTHashCache.h"><Filter>..\..\src\gpu</Filter></ClInclude><ClCompile Include="..\..\src\gpu\GrInOrderDrawBuffer.cpp"><Filter>..\..\src\gpu</Filter></ClCompile><ClInclude Include="..\..\src\gpu\GrTextStrike.h"><Filter>..\..\src\gpu</Filter></ClInclude><ClCompile Include="..\..\src\gpu\GrClipData.cpp"><Filter>..\..\src\gpu</Filter></ClCompile><ClCompile Include="..\..\src\gpu\GrTextStrike.cpp"><Filter>..\..\src\gpu</Filter></ClCompile><ClCompile Include="..\..\src\gpu\GrAtlas.cpp"><Filter>..\..\src\gpu</Filter></ClCompile><ClCompile Include="..\..\src\gpu\GrStencilAndCoverPathRenderer.cpp"><Filter>..\..\src\gpu</Filter></ClCompile><ClInclude Include="..\..\src\gpu\GrGeometryBuffer.h"><Filter>..\..\src\gpu</Filter></ClInclude><ClInclude Include="..\..\src\gpu\GrStencilAndCoverPathRenderer.h"><Filter>..\..\src\gpu</Filter></ClInclude><ClCompile Include="..\..\src\gpu\GrClipMaskManager.cpp"><Filter>..\..\src\gpu</Filter></ClCompile><ClInclude Include="..\..\src\gpu\GrAllocPool.h"><Filter>..\..\src\gpu</Filter></ClInclude><ClCompile Include="..\..\src\gpu\GrPathRenderer.cpp"><Filter>..\..\src\gpu</Filter></ClCompile><ClInclude Include="..\..\src\gpu\GrDefaultPathRenderer.h"><Filter>..\..\src\gpu</Filter></ClInclude><ClInclude Include="..\..\src\gpu\GrTLList.h"><Filter>..\..\src\gpu</Filter></ClInclude><ClCompile Include="..\..\src\gpu\GrAAHairLinePathRenderer.cpp"><Filter>..\..\src\gpu</Filter></ClCompile><ClCompile Include="..\..\src\gpu\GrRectanizer.cpp"><Filter>..\..\src\gpu</Filter></ClCompile><ClInclude Include="..\..\src\gpu\GrRectanizer.h"><Filter>..\..\src\gpu</Filter></ClInclude><ClCompile Include="..\..\src\gpu\GrAAConvexPathRenderer.cpp"><Filter>..\..\src\gpu</Filter></ClCompile><ClInclude Include="..\..\src\gpu\GrRandom.h"><Filter>..\..\src\gpu</Filter></ClInclude><ClInclude Include="..\..\src\gpu\GrGpuVertex.h"><Filter>..\..\src\gpu</Filter></ClInclude><ClCompile Include="..\..\src\gpu\GrMatrix.cpp"><Filter>..\..\src\gpu</Filter></ClCompile><ClCompile Include="..\..\src\gpu\GrDefaultPathRenderer.cpp"><Filter>..\..\src\gpu</Filter></ClCompile><ClInclude Include="..\..\src\gpu\GrPlotMgr.h"><Filter>..\..\src\gpu</Filter></ClInclude><ClInclude Include="..\..\src\gpu\GrInOrderDrawBuffer.h"><Filter>..\..\src\gpu</Filter></ClInclude><ClInclude Include="..\..\src\gpu\GrTextStrike_impl.h"><Filter>..\..\src\gpu</Filter></ClInclude><ClCompile Include="..\..\src\gpu\GrContext.cpp"><Filter>..\..\src\gpu</Filter></ClCompile><ClCompile Include="..\..\src\gpu\GrMemoryPool.cpp"><Filter>..\..\src\gpu</Filter></ClCompile><ClInclude Include="..\..\src\gpu\GrStencil.h"><Filter>..\..\src\gpu</Filter></ClInclude><ClCompile Include="..\..\src\gpu\GrResourceCache.cpp"><Filter>..\..\src\gpu</Filter></ClCompile><ClInclude Include="..\..\src\gpu\GrPathRendererChain.h"><Filter>..\..\src\gpu</Filter></ClInclude><ClInclude Include="..\..\src\gpu\GrAtlas.h"><Filter>..\..\src\gpu</Filter></ClInclude><ClInclude Include="..\..\src\gpu\GrDrawState.h"><Filter>..\..\src\gpu</Filter></ClInclude><ClCompile Include="..\..\src\gpu\GrResource.cpp"><Filter>..\..\src\gpu</Filter></ClCompile><ClCompile Include="..\..\src\gpu\GrAddPathRenderers_default.cpp"><Filter>..\..\src\gpu</Filter></ClCompile><ClCompile Include="..\..\src\gpu\GrGpu.cpp"><Filter>..\..\src\gpu</Filter></ClCompile><ClCompile Include="..\..\src\gpu\GrSWMaskHelper.cpp"><Filter>..\..\src\gpu</Filter></ClCompile><ClInclude Include="..\..\src\gpu\GrClipMaskManager.h"><Filter>..\..\src\gpu</Filter></ClInclude><ClInclude Include="..\..\src\gpu\GrBinHashKey.h"><Filter>..\..\src\gpu</Filter></ClInclude><ClCompile Include="..\..\src\gpu\GrSoftwarePathRenderer.cpp"><Filter>..\..\src\gpu</Filter></ClCompile><ClCompile Include="..\..\src\gpu\GrTexture.cpp"><Filter>..\..\src\gpu</Filter></ClCompile><ClCompile Include="..\..\src\gpu\android\GrGLCreateNativeInterface_android.cpp"><Filter>..\..\src\gpu\android\_excluded_files</Filter></ClCompile><ClInclude Include="..\..\src\gpu\gl\GrGLProgramStage.h"><Filter>..\..\src\gpu\gl</Filter></ClInclude><ClCompile Include="..\..\src\gpu\gl\GrGLStencilBuffer.cpp"><Filter>..\..\src\gpu\gl</Filter></ClCompile><ClCompile Include="..\..\src\gpu\gl\GrGLRenderTarget.cpp"><Filter>..\..\src\gpu\gl</Filter></ClCompile><ClInclude Include="..\..\src\gpu\gl\GrGLStencilBuffer.h"><Filter>..\..\src\gpu\gl</Filter></ClInclude><ClCompile Include="..\..\src\gpu\gl\GrGLSL.cpp"><Filter>..\..\src\gpu\gl</Filter></ClCompile><ClCompile Include="..\..\src\gpu\gl\GrGpuGL_program.cpp"><Filter>..\..\src\gpu\gl</Filter></ClCompile><ClInclude Include="..\..\src\gpu\gl\GrGLSL.h"><Filter>..\..\src\gpu\gl</Filter></ClInclude><ClInclude Include="..\..\src\gpu\gl\GrGLIRect.h"><Filter>..\..\src\gpu\gl</Filter></ClInclude><ClCompile Include="..\..\src\gpu\gl\GrGLProgram.cpp"><Filter>..\..\src\gpu\gl</Filter></ClCompile><ClInclude Include="..\..\src\gpu\gl\GrGLPath.h"><Filter>..\..\src\gpu\gl</Filter></ClInclude><ClCompile Include="..\..\src\gpu\gl\GrGLTexture.cpp"><Filter>..\..\src\gpu\gl</Filter></ClCompile><ClInclude Include="..\..\src\gpu\gl\GrGLVertexBuffer.h"><Filter>..\..\src\gpu\gl</Filter></ClInclude><ClInclude Include="..\..\src\gpu\gl\GrGLRenderTarget.h"><Filter>..\..\src\gpu\gl</Filter></ClInclude><ClCompile Include="..\..\src\gpu\gl\GrGLDefaultInterface_native.cpp"><Filter>..\..\src\gpu\gl</Filter></ClCompile><ClCompile Include="..\..\src\gpu\gl\GrGLShaderBuilder.cpp"><Filter>..\..\src\gpu\gl</Filter></ClCompile><ClInclude Include="..\..\src\gpu\gl\GrGpuGL.h"><Filter>..\..\src\gpu\gl</Filter></ClInclude><ClCompile Include="..\..\src\gpu\gl\GrGLCreateNullInterface.cpp"><Filter>..\..\src\gpu\gl</Filter></ClCompile><ClCompile Include="..\..\src\gpu\gl\GrGpuGL.cpp"><Filter>..\..\src\gpu\gl</Filter></ClCompile><ClInclude Include="..\..\src\gpu\gl\GrGLDefines.h"><Filter>..\..\src\gpu\gl</Filter></ClInclude><ClInclude Include="..\..\src\gpu\gl\GrGLTexture.h"><Filter>..\..\src\gpu\gl</Filter></ClInclude><ClCompile Include="..\..\src\gpu\gl\GrGLUtil.cpp"><Filter>..\..\src\gpu\gl</Filter></ClCompile><ClInclude Include="..\..\src\gpu\gl\GrGLProgram.h"><Filter>..\..\src\gpu\gl</Filter></ClInclude><ClInclude Include="..\..\src\gpu\gl\GrGLIndexBuffer.h"><Filter>..\..\src\gpu\gl</Filter></ClInclude><ClCompile Include="..\..\src\gpu\gl\GrGLIndexBuffer.cpp"><Filter>..\..\src\gpu\gl</Filter></ClCompile><ClInclude Include="..\..\src\gpu\gl\GrGLContextInfo.h"><Filter>..\..\src\gpu\gl</Filter></ClInclude><ClCompile Include="..\..\src\gpu\gl\GrGLInterface.cpp"><Filter>..\..\src\gpu\gl</Filter></ClCompile><ClCompile Include="..\..\src\gpu\gl\GrGLContextInfo.cpp"><Filter>..\..\src\gpu\gl</Filter></ClCompile><ClCompile Include="..\..\src\gpu\gl\GrGLVertexBuffer.cpp"><Filter>..\..\src\gpu\gl</Filter></ClCompile><ClCompile Include="..\..\src\gpu\gl\GrGLUniformManager.cpp"><Filter>..\..\src\gpu\gl</Filter></ClCompile><ClInclude Include="..\..\src\gpu\gl\GrGLShaderVar.h"><Filter>..\..\src\gpu\gl</Filter></ClInclude><ClCompile Include="..\..\src\gpu\gl\GrGLPath.cpp"><Filter>..\..\src\gpu\gl</Filter></ClCompile><ClInclude Include="..\..\src\gpu\gl\GrGLCaps.h"><Filter>..\..\src\gpu\gl</Filter></ClInclude><ClInclude Include="..\..\src\gpu\gl\GrGLUniformHandle.h"><Filter>..\..\src\gpu\gl</Filter></ClInclude><ClCompile Include="..\..\src\gpu\gl\GrGLProgramStage.cpp"><Filter>..\..\src\gpu\gl</Filter></ClCompile><ClInclude Include="..\..\src\gpu\gl\GrGLUniformManager.h"><Filter>..\..\src\gpu\gl</Filter></ClInclude><ClInclude Include="..\..\src\gpu\gl\GrGLUtil.h"><Filter>..\..\src\gpu\gl</Filter></ClInclude><ClInclude Include="..\..\src\gpu\gl\GrGLShaderBuilder.h"><Filter>..\..\src\gpu\gl</Filter></ClInclude><ClCompile Include="..\..\src\gpu\gl\GrGLCaps.cpp"><Filter>..\..\src\gpu\gl</Filter></ClCompile><ClCompile Include="..\..\src\gpu\gl\GrGLDefaultInterface_none.cpp"><Filter>..\..\src\gpu\gl\_excluded_files</Filter></ClCompile><ClCompile Include="..\..\src\gpu\gl\GrGLCreateNativeInterface_none.cpp"><Filter>..\..\src\gpu\gl\_excluded_files</Filter></ClCompile><ClCompile Include="..\..\src\gpu\gl\angle\GrGLCreateANGLEInterface.cpp"><Filter>..\..\src\gpu\gl\angle\_excluded_files</Filter></ClCompile><ClCompile Include="..\..\src\gpu\gl\win\GrGLCreateNativeInterface_win.cpp"><Filter>..\..\src\gpu\gl\win</Filter></ClCompile><ClCompile Include="..\..\src\gpu\gl\mac\GrGLCreateNativeInterface_mac.cpp"><Filter>..\..\src\gpu\gl\mac\_excluded_files</Filter></ClCompile><ClCompile Include="..\..\src\gpu\gl\unix\GrGLCreateNativeInterface_unix.cpp"><Filter>..\..\src\gpu\gl\unix\_excluded_files</Filter></ClCompile><ClInclude Include="..\..\src\gpu\gl\debug\GrRenderBufferObj.h"><Filter>..\..\src\gpu\gl\debug</Filter></ClInclude><ClInclude Include="..\..\src\gpu\gl\debug\GrTextureObj.h"><Filter>..\..\src\gpu\gl\debug</Filter></ClInclude><ClInclude Include="..\..\src\gpu\gl\debug\GrShaderObj.h"><Filter>..\..\src\gpu\gl\debug</Filter></ClInclude><ClInclude Include="..\..\src\gpu\gl\debug\GrTextureUnitObj.h"><Filter>..\..\src\gpu\gl\debug</Filter></ClInclude><ClCompile Include="..\..\src\gpu\gl\debug\GrTextureUnitObj.cpp"><Filter>..\..\src\gpu\gl\debug</Filter></ClCompile><ClInclude Include="..\..\src\gpu\gl\debug\GrProgramObj.h"><Filter>..\..\src\gpu\gl\debug</Filter></ClInclude><ClInclude Include="..\..\src\gpu\gl\debug\GrDebugGL.h"><Filter>..\..\src\gpu\gl\debug</Filter></ClInclude><ClCompile Include="..\..\src\gpu\gl\debug\GrDebugGL.cpp"><Filter>..\..\src\gpu\gl\debug</Filter></ClCompile><ClInclude Include="..\..\src\gpu\gl\debug\GrFrameBufferObj.h"><Filter>..\..\src\gpu\gl\debug</Filter></ClInclude><ClCompile Include="..\..\src\gpu\gl\debug\GrFrameBufferObj.cpp"><Filter>..\..\src\gpu\gl\debug</Filter></ClCompile><ClCompile Include="..\..\src\gpu\gl\debug\GrShaderObj.cpp"><Filter>..\..\src\gpu\gl\debug</Filter></ClCompile><ClCompile Include="..\..\src\gpu\gl\debug\GrBufferObj.cpp"><Filter>..\..\src\gpu\gl\debug</Filter></ClCompile><ClInclude Include="..\..\src\gpu\gl\debug\GrBufferObj.h"><Filter>..\..\src\gpu\gl\debug</Filter></ClInclude><ClCompile Include="..\..\src\gpu\gl\debug\GrProgramObj.cpp"><Filter>..\..\src\gpu\gl\debug</Filter></ClCompile><ClInclude Include="..\..\src\gpu\gl\debug\GrFakeRefObj.h"><Filter>..\..\src\gpu\gl\debug</Filter></ClInclude><ClInclude Include="..\..\src\gpu\gl\debug\GrFBBindableObj.h"><Filter>..\..\src\gpu\gl\debug</Filter></ClInclude><ClCompile Include="..\..\src\gpu\gl\debug\GrGLCreateDebugInterface.cpp"><Filter>..\..\src\gpu\gl\debug</Filter></ClCompile><ClCompile Include="..\..\src\gpu\gl\debug\GrTextureObj.cpp"><Filter>..\..\src\gpu\gl\debug</Filter></ClCompile><ClCompile Include="..\..\src\gpu\gl\mesa\GrGLCreateMesaInterface.cpp"><Filter>..\..\src\gpu\gl\mesa\_excluded_files</Filter></ClCompile><ClInclude Include="..\..\src\gpu\effects\GrConvolutionEffect.h"><Filter>..\..\src\gpu\effects</Filter></ClInclude><ClInclude Include="..\..\src\gpu\effects\GrTextureDomainEffect.h"><Filter>..\..\src\gpu\effects</Filter></ClInclude><ClCompile Include="..\..\src\gpu\effects\GrTextureDomainEffect.cpp"><Filter>..\..\src\gpu\effects</Filter></ClCompile><ClInclude Include="..\..\src\gpu\effects\GrSingleTextureEffect.h"><Filter>..\..\src\gpu\effects</Filter></ClInclude><ClInclude Include="..\..\src\gpu\effects\Gr1DKernelEffect.h"><Filter>..\..\src\gpu\effects</Filter></ClInclude><ClCompile Include="..\..\src\gpu\effects\GrMorphologyEffect.cpp"><Filter>..\..\src\gpu\effects</Filter></ClCompile><ClInclude Include="..\..\src\gpu\effects\GrColorTableEffect.h"><Filter>..\..\src\gpu\effects</Filter></ClInclude><ClCompile Include="..\..\src\gpu\effects\GrColorTableEffect.cpp"><Filter>..\..\src\gpu\effects</Filter></ClCompile><ClInclude Include="..\..\src\gpu\effects\GrMorphologyEffect.h"><Filter>..\..\src\gpu\effects</Filter></ClInclude><ClCompile Include="..\..\src\gpu\effects\GrSingleTextureEffect.cpp"><Filter>..\..\src\gpu\effects</Filter></ClCompile><ClCompile Include="..\..\src\gpu\effects\GrConvolutionEffect.cpp"><Filter>..\..\src\gpu\effects</Filter></ClCompile><ClInclude Include="..\..\include\gpu\GrRefCnt.h"><Filter>..\..\include\gpu</Filter></ClInclude><ClInclude Include="..\..\include\gpu\GrSurface.h"><Filter>..\..\include\gpu</Filter></ClInclude><ClInclude Include="..\..\include\gpu\GrPaint.h"><Filter>..\..\include\gpu</Filter></ClInclude><ClInclude Include="..\..\include\gpu\GrContextFactory.h"><Filter>..\..\include\gpu</Filter></ClInclude><ClInclude Include="..\..\include\gpu\GrGlyph.h"><Filter>..\..\include\gpu</Filter></ClInclude><ClInclude Include="..\..\include\gpu\GrCustomStage.h"><Filter>..\..\include\gpu</Filter></ClInclude><ClInclude Include="..\..\include\gpu\GrInstanceCounter.h"><Filter>..\..\include\gpu</Filter></ClInclude><ClInclude Include="..\..\include\gpu\GrRenderTarget.h"><Filter>..\..\include\gpu</Filter></ClInclude><ClInclude Include="..\..\include\gpu\GrUserConfig.h"><Filter>..\..\include\gpu</Filter></ClInclude><ClInclude Include="..\..\include\gpu\GrTexture.h"><Filter>..\..\include\gpu</Filter></ClInclude><ClInclude Include="..\..\include\gpu\GrPoint.h"><Filter>..\..\include\gpu</Filter></ClInclude><ClInclude Include="..\..\include\gpu\GrMatrix.h"><Filter>..\..\include\gpu</Filter></ClInclude><ClInclude Include="..\..\include\gpu\GrKey.h"><Filter>..\..\include\gpu</Filter></ClInclude><ClInclude Include="..\..\include\gpu\GrNoncopyable.h"><Filter>..\..\include\gpu</Filter></ClInclude><ClInclude Include="..\..\include\gpu\GrClipData.h"><Filter>..\..\include\gpu</Filter></ClInclude><ClInclude Include="..\..\include\gpu\GrProgramStageFactory.h"><Filter>..\..\include\gpu</Filter></ClInclude><ClInclude Include="..\..\include\gpu\GrAARectRenderer.h"><Filter>..\..\include\gpu</Filter></ClInclude><ClInclude Include="..\..\include\gpu\GrFontScaler.h"><Filter>..\..\include\gpu</Filter></ClInclude><ClInclude Include="..\..\include\gpu\GrColor.h"><Filter>..\..\include\gpu</Filter></ClInclude><ClInclude Include="..\..\include\gpu\GrConfig.h"><Filter>..\..\include\gpu</Filter></ClInclude><ClInclude Include="..\..\include\gpu\GrTypes.h"><Filter>..\..\include\gpu</Filter></ClInclude><ClInclude Include="..\..\include\gpu\GrTextContext.h"><Filter>..\..\include\gpu</Filter></ClInclude><ClInclude Include="..\..\include\gpu\GrResource.h"><Filter>..\..\include\gpu</Filter></ClInclude><ClInclude Include="..\..\include\gpu\GrContext.h"><Filter>..\..\include\gpu</Filter></ClInclude><ClInclude Include="..\..\include\gpu\GrScalar.h"><Filter>..\..\include\gpu</Filter></ClInclude><ClInclude Include="..\..\include\gpu\GrSamplerState.h"><Filter>..\..\include\gpu</Filter></ClInclude><ClInclude Include="..\..\include\gpu\GrRect.h"><Filter>..\..\include\gpu</Filter></ClInclude><ClInclude Include="..\..\include\gpu\gl\GrGLFunctions.h"><Filter>..\..\include\gpu\gl</Filter></ClInclude><ClInclude Include="..\..\include\gpu\gl\GrGLConfig.h"><Filter>..\..\include\gpu\gl</Filter></ClInclude><ClInclude Include="..\..\include\gpu\gl\GrGLConfig_chrome.h"><Filter>..\..\include\gpu\gl</Filter></ClInclude><ClInclude Include="..\..\include\gpu\gl\GrGLInterface.h"><Filter>..\..\include\gpu\gl</Filter></ClInclude><None Include="..\..\gyp\gpu.gyp"><Filter>..\..\gyp</Filter></None></ItemGroup></Project>