<?xml version="1.0" encoding="utf-8"?><Project ToolsVersion="4.0" xmlns="http://schemas.microsoft.com/developer/msbuild/2003"><ItemGroup><Filter Include=".."><UniqueIdentifier>{739DB09A-CC57-A953-A6CF-F64FA08E4FA7}</UniqueIdentifier></Filter><Filter Include="..\.."><UniqueIdentifier>{739DB09A-CC57-A953-A6CF-F64FA08E4FA7}</UniqueIdentifier></Filter><Filter Include="..\..\tests"><UniqueIdentifier>{71685B5B-5DB1-D3F0-6DF4-FE19B5454C87}</UniqueIdentifier></Filter><Filter Include="..\..\gyp"><UniqueIdentifier>{30B32512-2E13-32EA-B437-6F75133648E3}</UniqueIdentifier></Filter></ItemGroup><ItemGroup><ClCompile Include="..\..\tests\PaintTest.cpp"><Filter>..\..\tests</Filter></ClCompile><ClCompile Include="..\..\tests\ColorTest.cpp"><Filter>..\..\tests</Filter></ClCompile><ClCompile Include="..\..\tests\MetaDataTest.cpp"><Filter>..\..\tests</Filter></ClCompile><ClCompile Include="..\..\tests\AtomicTest.cpp"><Filter>..\..\tests</Filter></ClCompile><ClCompile Include="..\..\tests\QuickRejectTest.cpp"><Filter>..\..\tests</Filter></ClCompile><ClCompile Include="..\..\tests\TLSTest.cpp"><Filter>..\..\tests</Filter></ClCompile><ClCompile Include="..\..\tests\PathMeasureTest.cpp"><Filter>..\..\tests</Filter></ClCompile><ClCompile Include="..\..\tests\PDFPrimitivesTest.cpp"><Filter>..\..\tests</Filter></ClCompile><ClCompile Include="..\..\tests\StringTest.cpp"><Filter>..\..\tests</Filter></ClCompile><ClCompile Include="..\..\tests\AnnotationTest.cpp"><Filter>..\..\tests</Filter></ClCompile><ClCompile Include="..\..\tests\PointTest.cpp"><Filter>..\..\tests</Filter></ClCompile><ClCompile Include="..\..\tests\FontHostTest.cpp"><Filter>..\..\tests</Filter></ClCompile><ClCompile Include="..\..\tests\TestSize.cpp"><Filter>..\..\tests</Filter></ClCompile><ClCompile Include="..\..\tests\ParsePathTest.cpp"><Filter>..\..\tests</Filter></ClCompile><ClCompile Include="..\..\tests\DequeTest.cpp"><Filter>..\..\tests</Filter></ClCompile><ClCompile Include="..\..\tests\UtilsTest.cpp"><Filter>..\..\tests</Filter></ClCompile><ClCompile Include="..\..\tests\PathCoverageTest.cpp"><Filter>..\..\tests</Filter></ClCompile><ClCompile Include="..\..\tests\FlateTest.cpp"><Filter>..\..\tests</Filter></ClCompile><ClCompile Include="..\..\tests\BitmapGetColorTest.cpp"><Filter>..\..\tests</Filter></ClCompile><ClCompile Include="..\..\tests\BlitRowTest.cpp"><Filter>..\..\tests</Filter></ClCompile><ClCompile Include="..\..\tests\RefCntTest.cpp"><Filter>..\..\tests</Filter></ClCompile><ClCompile Include="..\..\tests\FontHostStreamTest.cpp"><Filter>..\..\tests</Filter></ClCompile><ClCompile Include="..\..\tests\MathTest.cpp"><Filter>..\..\tests</Filter></ClCompile><ClCompile Include="..\..\tests\ScalarTest.cpp"><Filter>..\..\tests</Filter></ClCompile><ClCompile Include="..\..\tests\PictureUtilsTest.cpp"><Filter>..\..\tests</Filter></ClCompile><ClCompile Include="..\..\tests\EmptyPathTest.cpp"><Filter>..\..\tests</Filter></ClCompile><ClCompile Include="..\..\tests\RefDictTest.cpp"><Filter>..\..\tests</Filter></ClCompile><ClCompile Include="..\..\tests\SortTest.cpp"><Filter>..\..\tests</Filter></ClCompile><ClCompile Include="..\..\tests\DrawBitmapRectTest.cpp"><Filter>..\..\tests</Filter></ClCompile><ClCompile Include="..\..\tests\BitSetTest.cpp"><Filter>..\..\tests</Filter></ClCompile><ClCompile Include="..\..\tests\StreamTest.cpp"><Filter>..\..\tests</Filter></ClCompile><ClCompile Include="..\..\tests\DrawTextTest.cpp"><Filter>..\..\tests</Filter></ClCompile><ClCompile Include="..\..\tests\ClipCubicTest.cpp"><Filter>..\..\tests</Filter></ClCompile><ClInclude Include="..\..\tests\Test.h"><Filter>..\..\tests</Filter></ClInclude><ClCompile Include="..\..\tests\ToUnicode.cpp"><Filter>..\..\tests</Filter></ClCompile><ClCompile Include="..\..\tests\ShaderOpacityTest.cpp"><Filter>..\..\tests</Filter></ClCompile><ClCompile Include="..\..\tests\ReadPixelsTest.cpp"><Filter>..\..\tests</Filter></ClCompile><ClCompile Include="..\..\tests\GLProgramsTest.cpp"><Filter>..\..\tests</Filter></ClCompile><ClCompile Include="..\..\tests\skia_test.cpp"><Filter>..\..\tests</Filter></ClCompile><ClCompile Include="..\..\tests\UnicodeTest.cpp"><Filter>..\..\tests</Filter></ClCompile><ClCompile Include="..\..\tests\ColorFilterTest.cpp"><Filter>..\..\tests</Filter></ClCompile><ClCompile Include="..\..\tests\ClampRangeTest.cpp"><Filter>..\..\tests</Filter></ClCompile><ClCompile Include="..\..\tests\Test.cpp"><Filter>..\..\tests</Filter></ClCompile><ClCompile Include="..\..\tests\FlatDataTest.cpp"><Filter>..\..\tests</Filter></ClCompile><ClCompile Include="..\..\tests\DeferredCanvasTest.cpp"><Filter>..\..\tests</Filter></ClCompile><ClCompile Include="..\..\tests\Reader32Test.cpp"><Filter>..\..\tests</Filter></ClCompile><ClCompile Include="..\..\tests\XfermodeTest.cpp"><Filter>..\..\tests</Filter></ClCompile><ClCompile Include="..\..\tests\ClipStackTest.cpp"><Filter>..\..\tests</Filter></ClCompile><ClCompile Include="..\..\tests\GrMemoryPoolTest.cpp"><Filter>..\..\tests</Filter></ClCompile><ClCompile Include="..\..\tests\SrcOverTest.cpp"><Filter>..\..\tests</Filter></ClCompile><ClCompile Include="..\..\tests\Sk64Test.cpp"><Filter>..\..\tests</Filter></ClCompile><ClCompile Include="..\..\tests\ReadWriteAlphaTest.cpp"><Filter>..\..\tests</Filter></ClCompile><ClCompile Include="..\..\tests\PathTest.cpp"><Filter>..\..\tests</Filter></ClCompile><ClCompile Include="..\..\tests\Matrix44Test.cpp"><Filter>..\..\tests</Filter></ClCompile><ClCompile Include="..\..\tests\ClipCacheTest.cpp"><Filter>..\..\tests</Filter></ClCompile><ClCompile Include="..\..\tests\GeometryTest.cpp"><Filter>..\..\tests</Filter></ClCompile><ClCompile Include="..\..\tests\CanvasTest.cpp"><Filter>..\..\tests</Filter></ClCompile><ClCompile Include="..\..\tests\InfRectTest.cpp"><Filter>..\..\tests</Filter></ClCompile><ClCompile Include="..\..\tests\DrawPathTest.cpp"><Filter>..\..\tests</Filter></ClCompile><ClCompile Include="..\..\tests\WArrayTest.cpp"><Filter>..\..\tests</Filter></ClCompile><ClCompile Include="..\..\tests\BlurTest.cpp"><Filter>..\..\tests</Filter></ClCompile><ClCompile Include="..\..\tests\AAClipTest.cpp"><Filter>..\..\tests</Filter></ClCompile><ClCompile Include="..\..\tests\DataRefTest.cpp"><Filter>..\..\tests</Filter></ClCompile><ClCompile Include="..\..\tests\PackBitsTest.cpp"><Filter>..\..\tests</Filter></ClCompile><ClCompile Include="..\..\tests\MemsetTest.cpp"><Filter>..\..\tests</Filter></ClCompile><ClCompile Include="..\..\tests\PremulAlphaRoundTripTest.cpp"><Filter>..\..\tests</Filter></ClCompile><ClCompile Include="..\..\tests\GradientTest.cpp"><Filter>..\..\tests</Filter></ClCompile><ClCompile Include="..\..\tests\ClipperTest.cpp"><Filter>..\..\tests</Filter></ClCompile><ClCompile Include="..\..\tests\Writer32Test.cpp"><Filter>..\..\tests</Filter></ClCompile><ClCompile Include="..\..\tests\WritePixelsTest.cpp"><Filter>..\..\tests</Filter></ClCompile><ClCompile Include="..\..\tests\MatrixTest.cpp"><Filter>..\..\tests</Filter></ClCompile><ClCompile Include="..\..\tests\FillPathTest.cpp"><Filter>..\..\tests</Filter></ClCompile><ClCompile Include="..\..\tests\RegionTest.cpp"><Filter>..\..\tests</Filter></ClCompile><ClCompile Include="..\..\tests\BitmapCopyTest.cpp"><Filter>..\..\tests</Filter></ClCompile><ClCompile Include="..\..\tests\GLInterfaceValidation.cpp"><Filter>..\..\tests</Filter></ClCompile><None Include="..\..\gyp\tests.gyp"><Filter>..\..\gyp</Filter></None></ItemGroup></Project>